// !$*UTF8*$!
{
	archiveVersion = 1;
	classes = {
	};
	objectVersion = 51;
	objects = {

/* Begin PBXBuildFile section */
		2D0A9DCA28911AFA00D4D658 /* FUViewModel.m in Sources */ = {isa = PBXBuildFile; fileRef = 2D0A9D7628911AFA00D4D658 /* FUViewModel.m */; };
		2D0A9DCB28911AFA00D4D658 /* FUBeautySkinViewModel.m in Sources */ = {isa = PBXBuildFile; fileRef = 2D0A9D7728911AFA00D4D658 /* FUBeautySkinViewModel.m */; };
		2D0A9DCC28911AFA00D4D658 /* FUBeautyShapeViewModel.m in Sources */ = {isa = PBXBuildFile; fileRef = 2D0A9D7828911AFA00D4D658 /* FUBeautyShapeViewModel.m */; };
		2D0A9DCD28911AFA00D4D658 /* FUStickerViewModel.m in Sources */ = {isa = PBXBuildFile; fileRef = 2D0A9D7F28911AFA00D4D658 /* FUStickerViewModel.m */; };
		2D0A9DCE28911AFA00D4D658 /* FUMakeupViewModel.m in Sources */ = {isa = PBXBuildFile; fileRef = 2D0A9D8128911AFA00D4D658 /* FUMakeupViewModel.m */; };
		2D0A9DCF28911AFA00D4D658 /* FUFilterViewModel.m in Sources */ = {isa = PBXBuildFile; fileRef = 2D0A9D8228911AFA00D4D658 /* FUFilterViewModel.m */; };
		2D0A9DD028911AFA00D4D658 /* FUBeautyBodyViewModel.m in Sources */ = {isa = PBXBuildFile; fileRef = 2D0A9D8328911AFA00D4D658 /* FUBeautyBodyViewModel.m */; };
		2D0A9DD128911AFA00D4D658 /* FUDemoManager.m in Sources */ = {isa = PBXBuildFile; fileRef = 2D0A9D8528911AFA00D4D658 /* FUDemoManager.m */; };
		2D0A9DD228911AFA00D4D658 /* FUTestRecorder.m in Sources */ = {isa = PBXBuildFile; fileRef = 2D0A9D8928911AFA00D4D658 /* FUTestRecorder.m */; };
		2D0A9DD328911AFA00D4D658 /* FUBeautyShapeModel.m in Sources */ = {isa = PBXBuildFile; fileRef = 2D0A9D8C28911AFA00D4D658 /* FUBeautyShapeModel.m */; };
		2D0A9DD428911AFA00D4D658 /* FUBeautySkinModel.m in Sources */ = {isa = PBXBuildFile; fileRef = 2D0A9D8D28911AFA00D4D658 /* FUBeautySkinModel.m */; };
		2D0A9DD528911AFA00D4D658 /* FUBeautyBodyModel.m in Sources */ = {isa = PBXBuildFile; fileRef = 2D0A9D8E28911AFA00D4D658 /* FUBeautyBodyModel.m */; };
		2D0A9DD628911AFA00D4D658 /* FUFilterModel.m in Sources */ = {isa = PBXBuildFile; fileRef = 2D0A9D8F28911AFA00D4D658 /* FUFilterModel.m */; };
		2D0A9DD728911AFA00D4D658 /* FUModel.m in Sources */ = {isa = PBXBuildFile; fileRef = 2D0A9D9328911AFA00D4D658 /* FUModel.m */; };
		2D0A9DD828911AFA00D4D658 /* FUStickerModel.m in Sources */ = {isa = PBXBuildFile; fileRef = 2D0A9D9728911AFA00D4D658 /* FUStickerModel.m */; };
		2D0A9DD928911AFA00D4D658 /* FUMakeupModel.m in Sources */ = {isa = PBXBuildFile; fileRef = 2D0A9D9828911AFA00D4D658 /* FUMakeupModel.m */; };
		2D0A9DDA28911AFA00D4D658 /* FUInsetsLabel.m in Sources */ = {isa = PBXBuildFile; fileRef = 2D0A9D9A28911AFA00D4D658 /* FUInsetsLabel.m */; };
		2D0A9DDB28911AFA00D4D658 /* FUSlider.m in Sources */ = {isa = PBXBuildFile; fileRef = 2D0A9D9D28911AFA00D4D658 /* FUSlider.m */; };
		2D0A9DDC28911AFA00D4D658 /* FUSquareButton.m in Sources */ = {isa = PBXBuildFile; fileRef = 2D0A9D9F28911AFA00D4D658 /* FUSquareButton.m */; };
		2D0A9DDD28911AFA00D4D658 /* FUOthersFunctionView.m in Sources */ = {isa = PBXBuildFile; fileRef = 2D0A9DA128911AFA00D4D658 /* FUOthersFunctionView.m */; };
		2D0A9DDE28911AFA00D4D658 /* FUSegmentBar.m in Sources */ = {isa = PBXBuildFile; fileRef = 2D0A9DA228911AFA00D4D658 /* FUSegmentBar.m */; };
		2D0A9DDF28911AFB00D4D658 /* FUFunctionView.m in Sources */ = {isa = PBXBuildFile; fileRef = 2D0A9DA528911AFA00D4D658 /* FUFunctionView.m */; };
		2D0A9DE028911AFB00D4D658 /* FUBeautyFunctionView.m in Sources */ = {isa = PBXBuildFile; fileRef = 2D0A9DA628911AFA00D4D658 /* FUBeautyFunctionView.m */; };
		2D0A9DE128911AFB00D4D658 /* FUTipHUD.m in Sources */ = {isa = PBXBuildFile; fileRef = 2D0A9DA828911AFA00D4D658 /* FUTipHUD.m */; };
		2D0A9DE228911AFB00D4D658 /* FaceUnity.strings in Resources */ = {isa = PBXBuildFile; fileRef = 2D0A9DAC28911AFA00D4D658 /* FaceUnity.strings */; };
		2D0A9DE328911AFB00D4D658 /* oumei.bundle in Resources */ = {isa = PBXBuildFile; fileRef = 2D0A9DAF28911AFA00D4D658 /* oumei.bundle */; };
		2D0A9DE428911AFB00D4D658 /* Rose.bundle in Resources */ = {isa = PBXBuildFile; fileRef = 2D0A9DB028911AFA00D4D658 /* Rose.bundle */; };
		2D0A9DE528911AFB00D4D658 /* linjia.bundle in Resources */ = {isa = PBXBuildFile; fileRef = 2D0A9DB128911AFA00D4D658 /* linjia.bundle */; };
		2D0A9DE628911AFB00D4D658 /* yanshimao.bundle in Resources */ = {isa = PBXBuildFile; fileRef = 2D0A9DB228911AFA00D4D658 /* yanshimao.bundle */; };
		2D0A9DE728911AFB00D4D658 /* tianmei.bundle in Resources */ = {isa = PBXBuildFile; fileRef = 2D0A9DB328911AFA00D4D658 /* tianmei.bundle */; };
		2D0A9DE828911AFB00D4D658 /* ziyun.bundle in Resources */ = {isa = PBXBuildFile; fileRef = 2D0A9DB428911AFA00D4D658 /* ziyun.bundle */; };
		2D0A9DE928911AFB00D4D658 /* chaomo.bundle in Resources */ = {isa = PBXBuildFile; fileRef = 2D0A9DB528911AFA00D4D658 /* chaomo.bundle */; };
		2D0A9DEA28911AFB00D4D658 /* hongfeng.bundle in Resources */ = {isa = PBXBuildFile; fileRef = 2D0A9DB628911AFA00D4D658 /* hongfeng.bundle */; };
		2D0A9DEB28911AFB00D4D658 /* jianling.bundle in Resources */ = {isa = PBXBuildFile; fileRef = 2D0A9DB728911AFA00D4D658 /* jianling.bundle */; };
		2D0A9DEC28911AFB00D4D658 /* gangfeng.bundle in Resources */ = {isa = PBXBuildFile; fileRef = 2D0A9DB828911AFA00D4D658 /* gangfeng.bundle */; };
		2D0A9DED28911AFB00D4D658 /* chuju.bundle in Resources */ = {isa = PBXBuildFile; fileRef = 2D0A9DB928911AFA00D4D658 /* chuju.bundle */; };
		2D0A9DEE28911AFB00D4D658 /* renyu.bundle in Resources */ = {isa = PBXBuildFile; fileRef = 2D0A9DBA28911AFA00D4D658 /* renyu.bundle */; };
		2D0A9DEF28911AFB00D4D658 /* qianzhihe.bundle in Resources */ = {isa = PBXBuildFile; fileRef = 2D0A9DBB28911AFA00D4D658 /* qianzhihe.bundle */; };
		2D0A9DF028911AFB00D4D658 /* wumei.bundle in Resources */ = {isa = PBXBuildFile; fileRef = 2D0A9DBC28911AFA00D4D658 /* wumei.bundle */; };
		2D0A9DF128911AFB00D4D658 /* shaonv.bundle in Resources */ = {isa = PBXBuildFile; fileRef = 2D0A9DBD28911AFA00D4D658 /* shaonv.bundle */; };
		2D0A9DF228911AFB00D4D658 /* chuqiu.bundle in Resources */ = {isa = PBXBuildFile; fileRef = 2D0A9DBE28911AFA00D4D658 /* chuqiu.bundle */; };
		2D0A9DF328911AFB00D4D658 /* nuandong.bundle in Resources */ = {isa = PBXBuildFile; fileRef = 2D0A9DBF28911AFA00D4D658 /* nuandong.bundle */; };
		2D0A9DF428911AFB00D4D658 /* xinggan.bundle in Resources */ = {isa = PBXBuildFile; fileRef = 2D0A9DC028911AFA00D4D658 /* xinggan.bundle */; };
		2D0A9DF528911AFB00D4D658 /* FaceUnity.xcassets in Resources */ = {isa = PBXBuildFile; fileRef = 2D0A9DC228911AFA00D4D658 /* FaceUnity.xcassets */; };
		2D0A9DF628911AFB00D4D658 /* fashi.bundle in Resources */ = {isa = PBXBuildFile; fileRef = 2D0A9DC428911AFA00D4D658 /* fashi.bundle */; };
		2D0A9DF728911AFB00D4D658 /* sdlu.bundle in Resources */ = {isa = PBXBuildFile; fileRef = 2D0A9DC528911AFA00D4D658 /* sdlu.bundle */; };
		2D0A9DF828911AFB00D4D658 /* xueqiu_lm_fu.bundle in Resources */ = {isa = PBXBuildFile; fileRef = 2D0A9DC628911AFA00D4D658 /* xueqiu_lm_fu.bundle */; };
		2D0A9DF928911AFB00D4D658 /* DaisyPig.bundle in Resources */ = {isa = PBXBuildFile; fileRef = 2D0A9DC728911AFA00D4D658 /* DaisyPig.bundle */; };
		2D0A9DFA28911AFB00D4D658 /* FUManager.m in Sources */ = {isa = PBXBuildFile; fileRef = 2D0A9DC828911AFA00D4D658 /* FUManager.m */; };
		2D9AA17F25490CEF00182898 /* CoreML.framework in Frameworks */ = {isa = PBXBuildFile; fileRef = 2D9AA17E25490CEF00182898 /* CoreML.framework */; settings = {ATTRIBUTES = (Weak, ); }; };
		419DA0B624D7EDF90001A561 /* NETSDemoP2PViewController.m in Sources */ = {isa = PBXBuildFile; fileRef = 419DA0A624D7EDF90001A561 /* NETSDemoP2PViewController.m */; };
		419DA0B724D7EDF90001A561 /* NETSDemoViewController.m in Sources */ = {isa = PBXBuildFile; fileRef = 419DA0A724D7EDF90001A561 /* NETSDemoViewController.m */; };
		419DA0B824D7EDF90001A561 /* Assets.xcassets in Resources */ = {isa = PBXBuildFile; fileRef = 419DA0A824D7EDF90001A561 /* Assets.xcassets */; };
		419DA0B924D7EDF90001A561 /* NETSAppDelegate.m in Sources */ = {isa = PBXBuildFile; fileRef = 419DA0A924D7EDF90001A561 /* NETSAppDelegate.m */; };
		419DA0BA24D7EDF90001A561 /* LaunchScreen.storyboard in Resources */ = {isa = PBXBuildFile; fileRef = 419DA0AA24D7EDF90001A561 /* LaunchScreen.storyboard */; };
		419DA0BB24D7EDF90001A561 /* Main.storyboard in Resources */ = {isa = PBXBuildFile; fileRef = 419DA0AC24D7EDF90001A561 /* Main.storyboard */; };
		419DA0BC24D7EDF90001A561 /* NTESDemoUserModel.m in Sources */ = {isa = PBXBuildFile; fileRef = 419DA0B024D7EDF90001A561 /* NTESDemoUserModel.m */; };
		419DA0BD24D7EDF90001A561 /* main.m in Sources */ = {isa = PBXBuildFile; fileRef = 419DA0B124D7EDF90001A561 /* main.m */; };
		BFB46F3C30C2796652B24AD1 /* libPods-NERTC1to1Sample.a in Frameworks */ = {isa = PBXBuildFile; fileRef = C5F1F68F905A31BF2037DEF2 /* libPods-NERTC1to1Sample.a */; };
/* End PBXBuildFile section */

/* Begin PBXCopyFilesBuildPhase section */
		2D0D36D1265202CF00D94214 /* Embed Frameworks */ = {
			isa = PBXCopyFilesBuildPhase;
			buildActionMask = 2147483647;
			dstPath = "";
			dstSubfolderSpec = 10;
			files = (
			);
			name = "Embed Frameworks";
			runOnlyForDeploymentPostprocessing = 0;
		};
/* End PBXCopyFilesBuildPhase section */

/* Begin PBXFileReference section */
		2D0A9D7628911AFA00D4D658 /* FUViewModel.m */ = {isa = PBXFileReference; fileEncoding = 4; lastKnownFileType = sourcecode.c.objc; path = FUViewModel.m; sourceTree = "<group>"; };
		2D0A9D7728911AFA00D4D658 /* FUBeautySkinViewModel.m */ = {isa = PBXFileReference; fileEncoding = 4; lastKnownFileType = sourcecode.c.objc; path = FUBeautySkinViewModel.m; sourceTree = "<group>"; };
		2D0A9D7828911AFA00D4D658 /* FUBeautyShapeViewModel.m */ = {isa = PBXFileReference; fileEncoding = 4; lastKnownFileType = sourcecode.c.objc; path = FUBeautyShapeViewModel.m; sourceTree = "<group>"; };
		2D0A9D7928911AFA00D4D658 /* FUStickerViewModel.h */ = {isa = PBXFileReference; fileEncoding = 4; lastKnownFileType = sourcecode.c.h; path = FUStickerViewModel.h; sourceTree = "<group>"; };
		2D0A9D7A28911AFA00D4D658 /* FUBeautyBodyViewModel.h */ = {isa = PBXFileReference; fileEncoding = 4; lastKnownFileType = sourcecode.c.h; path = FUBeautyBodyViewModel.h; sourceTree = "<group>"; };
		2D0A9D7B28911AFA00D4D658 /* FUFilterViewModel.h */ = {isa = PBXFileReference; fileEncoding = 4; lastKnownFileType = sourcecode.c.h; path = FUFilterViewModel.h; sourceTree = "<group>"; };
		2D0A9D7C28911AFA00D4D658 /* FUMakeupViewModel.h */ = {isa = PBXFileReference; fileEncoding = 4; lastKnownFileType = sourcecode.c.h; path = FUMakeupViewModel.h; sourceTree = "<group>"; };
		2D0A9D7D28911AFA00D4D658 /* FUViewModel.h */ = {isa = PBXFileReference; fileEncoding = 4; lastKnownFileType = sourcecode.c.h; path = FUViewModel.h; sourceTree = "<group>"; };
		2D0A9D7E28911AFA00D4D658 /* FUBeautySkinViewModel.h */ = {isa = PBXFileReference; fileEncoding = 4; lastKnownFileType = sourcecode.c.h; path = FUBeautySkinViewModel.h; sourceTree = "<group>"; };
		2D0A9D7F28911AFA00D4D658 /* FUStickerViewModel.m */ = {isa = PBXFileReference; fileEncoding = 4; lastKnownFileType = sourcecode.c.objc; path = FUStickerViewModel.m; sourceTree = "<group>"; };
		2D0A9D8028911AFA00D4D658 /* FUBeautyShapeViewModel.h */ = {isa = PBXFileReference; fileEncoding = 4; lastKnownFileType = sourcecode.c.h; path = FUBeautyShapeViewModel.h; sourceTree = "<group>"; };
		2D0A9D8128911AFA00D4D658 /* FUMakeupViewModel.m */ = {isa = PBXFileReference; fileEncoding = 4; lastKnownFileType = sourcecode.c.objc; path = FUMakeupViewModel.m; sourceTree = "<group>"; };
		2D0A9D8228911AFA00D4D658 /* FUFilterViewModel.m */ = {isa = PBXFileReference; fileEncoding = 4; lastKnownFileType = sourcecode.c.objc; path = FUFilterViewModel.m; sourceTree = "<group>"; };
		2D0A9D8328911AFA00D4D658 /* FUBeautyBodyViewModel.m */ = {isa = PBXFileReference; fileEncoding = 4; lastKnownFileType = sourcecode.c.objc; path = FUBeautyBodyViewModel.m; sourceTree = "<group>"; };
		2D0A9D8428911AFA00D4D658 /* FUTestRecorder.h */ = {isa = PBXFileReference; fileEncoding = 4; lastKnownFileType = sourcecode.c.h; path = FUTestRecorder.h; sourceTree = "<group>"; };
		2D0A9D8528911AFA00D4D658 /* FUDemoManager.m */ = {isa = PBXFileReference; fileEncoding = 4; lastKnownFileType = sourcecode.c.objc; path = FUDemoManager.m; sourceTree = "<group>"; };
		2D0A9D8628911AFA00D4D658 /* FUManager.h */ = {isa = PBXFileReference; fileEncoding = 4; lastKnownFileType = sourcecode.c.h; path = FUManager.h; sourceTree = "<group>"; };
		2D0A9D8828911AFA00D4D658 /* FUDefines.h */ = {isa = PBXFileReference; fileEncoding = 4; lastKnownFileType = sourcecode.c.h; path = FUDefines.h; sourceTree = "<group>"; };
		2D0A9D8928911AFA00D4D658 /* FUTestRecorder.m */ = {isa = PBXFileReference; fileEncoding = 4; lastKnownFileType = sourcecode.c.objc; path = FUTestRecorder.m; sourceTree = "<group>"; };
		2D0A9D8B28911AFA00D4D658 /* FUModel.h */ = {isa = PBXFileReference; fileEncoding = 4; lastKnownFileType = sourcecode.c.h; path = FUModel.h; sourceTree = "<group>"; };
		2D0A9D8C28911AFA00D4D658 /* FUBeautyShapeModel.m */ = {isa = PBXFileReference; fileEncoding = 4; lastKnownFileType = sourcecode.c.objc; path = FUBeautyShapeModel.m; sourceTree = "<group>"; };
		2D0A9D8D28911AFA00D4D658 /* FUBeautySkinModel.m */ = {isa = PBXFileReference; fileEncoding = 4; lastKnownFileType = sourcecode.c.objc; path = FUBeautySkinModel.m; sourceTree = "<group>"; };
		2D0A9D8E28911AFA00D4D658 /* FUBeautyBodyModel.m */ = {isa = PBXFileReference; fileEncoding = 4; lastKnownFileType = sourcecode.c.objc; path = FUBeautyBodyModel.m; sourceTree = "<group>"; };
		2D0A9D8F28911AFA00D4D658 /* FUFilterModel.m */ = {isa = PBXFileReference; fileEncoding = 4; lastKnownFileType = sourcecode.c.objc; path = FUFilterModel.m; sourceTree = "<group>"; };
		2D0A9D9028911AFA00D4D658 /* FUMakeupModel.h */ = {isa = PBXFileReference; fileEncoding = 4; lastKnownFileType = sourcecode.c.h; path = FUMakeupModel.h; sourceTree = "<group>"; };
		2D0A9D9128911AFA00D4D658 /* FUStickerModel.h */ = {isa = PBXFileReference; fileEncoding = 4; lastKnownFileType = sourcecode.c.h; path = FUStickerModel.h; sourceTree = "<group>"; };
		2D0A9D9228911AFA00D4D658 /* FUBeautyShapeModel.h */ = {isa = PBXFileReference; fileEncoding = 4; lastKnownFileType = sourcecode.c.h; path = FUBeautyShapeModel.h; sourceTree = "<group>"; };
		2D0A9D9328911AFA00D4D658 /* FUModel.m */ = {isa = PBXFileReference; fileEncoding = 4; lastKnownFileType = sourcecode.c.objc; path = FUModel.m; sourceTree = "<group>"; };
		2D0A9D9428911AFA00D4D658 /* FUFilterModel.h */ = {isa = PBXFileReference; fileEncoding = 4; lastKnownFileType = sourcecode.c.h; path = FUFilterModel.h; sourceTree = "<group>"; };
		2D0A9D9528911AFA00D4D658 /* FUBeautyBodyModel.h */ = {isa = PBXFileReference; fileEncoding = 4; lastKnownFileType = sourcecode.c.h; path = FUBeautyBodyModel.h; sourceTree = "<group>"; };
		2D0A9D9628911AFA00D4D658 /* FUBeautySkinModel.h */ = {isa = PBXFileReference; fileEncoding = 4; lastKnownFileType = sourcecode.c.h; path = FUBeautySkinModel.h; sourceTree = "<group>"; };
		2D0A9D9728911AFA00D4D658 /* FUStickerModel.m */ = {isa = PBXFileReference; fileEncoding = 4; lastKnownFileType = sourcecode.c.objc; path = FUStickerModel.m; sourceTree = "<group>"; };
		2D0A9D9828911AFA00D4D658 /* FUMakeupModel.m */ = {isa = PBXFileReference; fileEncoding = 4; lastKnownFileType = sourcecode.c.objc; path = FUMakeupModel.m; sourceTree = "<group>"; };
		2D0A9D9A28911AFA00D4D658 /* FUInsetsLabel.m */ = {isa = PBXFileReference; fileEncoding = 4; lastKnownFileType = sourcecode.c.objc; path = FUInsetsLabel.m; sourceTree = "<group>"; };
		2D0A9D9B28911AFA00D4D658 /* FUSegmentBar.h */ = {isa = PBXFileReference; fileEncoding = 4; lastKnownFileType = sourcecode.c.h; path = FUSegmentBar.h; sourceTree = "<group>"; };
		2D0A9D9C28911AFA00D4D658 /* FUFunctionView.h */ = {isa = PBXFileReference; fileEncoding = 4; lastKnownFileType = sourcecode.c.h; path = FUFunctionView.h; sourceTree = "<group>"; };
		2D0A9D9D28911AFA00D4D658 /* FUSlider.m */ = {isa = PBXFileReference; fileEncoding = 4; lastKnownFileType = sourcecode.c.objc; path = FUSlider.m; sourceTree = "<group>"; };
		2D0A9D9E28911AFA00D4D658 /* FUTipHUD.h */ = {isa = PBXFileReference; fileEncoding = 4; lastKnownFileType = sourcecode.c.h; path = FUTipHUD.h; sourceTree = "<group>"; };
		2D0A9D9F28911AFA00D4D658 /* FUSquareButton.m */ = {isa = PBXFileReference; fileEncoding = 4; lastKnownFileType = sourcecode.c.objc; path = FUSquareButton.m; sourceTree = "<group>"; };
		2D0A9DA028911AFA00D4D658 /* FUBeautyFunctionView.h */ = {isa = PBXFileReference; fileEncoding = 4; lastKnownFileType = sourcecode.c.h; path = FUBeautyFunctionView.h; sourceTree = "<group>"; };
		2D0A9DA128911AFA00D4D658 /* FUOthersFunctionView.m */ = {isa = PBXFileReference; fileEncoding = 4; lastKnownFileType = sourcecode.c.objc; path = FUOthersFunctionView.m; sourceTree = "<group>"; };
		2D0A9DA228911AFA00D4D658 /* FUSegmentBar.m */ = {isa = PBXFileReference; fileEncoding = 4; lastKnownFileType = sourcecode.c.objc; path = FUSegmentBar.m; sourceTree = "<group>"; };
		2D0A9DA328911AFA00D4D658 /* FUInsetsLabel.h */ = {isa = PBXFileReference; fileEncoding = 4; lastKnownFileType = sourcecode.c.h; path = FUInsetsLabel.h; sourceTree = "<group>"; };
		2D0A9DA428911AFA00D4D658 /* FUSlider.h */ = {isa = PBXFileReference; fileEncoding = 4; lastKnownFileType = sourcecode.c.h; path = FUSlider.h; sourceTree = "<group>"; };
		2D0A9DA528911AFA00D4D658 /* FUFunctionView.m */ = {isa = PBXFileReference; fileEncoding = 4; lastKnownFileType = sourcecode.c.objc; path = FUFunctionView.m; sourceTree = "<group>"; };
		2D0A9DA628911AFA00D4D658 /* FUBeautyFunctionView.m */ = {isa = PBXFileReference; fileEncoding = 4; lastKnownFileType = sourcecode.c.objc; path = FUBeautyFunctionView.m; sourceTree = "<group>"; };
		2D0A9DA728911AFA00D4D658 /* FUSquareButton.h */ = {isa = PBXFileReference; fileEncoding = 4; lastKnownFileType = sourcecode.c.h; path = FUSquareButton.h; sourceTree = "<group>"; };
		2D0A9DA828911AFA00D4D658 /* FUTipHUD.m */ = {isa = PBXFileReference; fileEncoding = 4; lastKnownFileType = sourcecode.c.objc; path = FUTipHUD.m; sourceTree = "<group>"; };
		2D0A9DA928911AFA00D4D658 /* FUOthersFunctionView.h */ = {isa = PBXFileReference; fileEncoding = 4; lastKnownFileType = sourcecode.c.h; path = FUOthersFunctionView.h; sourceTree = "<group>"; };
		2D0A9DAA28911AFA00D4D658 /* FUDemoManager.h */ = {isa = PBXFileReference; fileEncoding = 4; lastKnownFileType = sourcecode.c.h; path = FUDemoManager.h; sourceTree = "<group>"; };
		2D0A9DAD28911AFA00D4D658 /* zh-Hans */ = {isa = PBXFileReference; lastKnownFileType = text.plist.strings; name = "zh-Hans"; path = "zh-Hans.lproj/FaceUnity.strings"; sourceTree = "<group>"; };
		2D0A9DAF28911AFA00D4D658 /* oumei.bundle */ = {isa = PBXFileReference; lastKnownFileType = file; path = oumei.bundle; sourceTree = "<group>"; };
		2D0A9DB028911AFA00D4D658 /* Rose.bundle */ = {isa = PBXFileReference; lastKnownFileType = file; path = Rose.bundle; sourceTree = "<group>"; };
		2D0A9DB128911AFA00D4D658 /* linjia.bundle */ = {isa = PBXFileReference; lastKnownFileType = file; path = linjia.bundle; sourceTree = "<group>"; };
		2D0A9DB228911AFA00D4D658 /* yanshimao.bundle */ = {isa = PBXFileReference; lastKnownFileType = file; path = yanshimao.bundle; sourceTree = "<group>"; };
		2D0A9DB328911AFA00D4D658 /* tianmei.bundle */ = {isa = PBXFileReference; lastKnownFileType = file; path = tianmei.bundle; sourceTree = "<group>"; };
		2D0A9DB428911AFA00D4D658 /* ziyun.bundle */ = {isa = PBXFileReference; lastKnownFileType = file; path = ziyun.bundle; sourceTree = "<group>"; };
		2D0A9DB528911AFA00D4D658 /* chaomo.bundle */ = {isa = PBXFileReference; lastKnownFileType = file; path = chaomo.bundle; sourceTree = "<group>"; };
		2D0A9DB628911AFA00D4D658 /* hongfeng.bundle */ = {isa = PBXFileReference; lastKnownFileType = file; path = hongfeng.bundle; sourceTree = "<group>"; };
		2D0A9DB728911AFA00D4D658 /* jianling.bundle */ = {isa = PBXFileReference; lastKnownFileType = file; path = jianling.bundle; sourceTree = "<group>"; };
		2D0A9DB828911AFA00D4D658 /* gangfeng.bundle */ = {isa = PBXFileReference; lastKnownFileType = file; path = gangfeng.bundle; sourceTree = "<group>"; };
		2D0A9DB928911AFA00D4D658 /* chuju.bundle */ = {isa = PBXFileReference; lastKnownFileType = file; path = chuju.bundle; sourceTree = "<group>"; };
		2D0A9DBA28911AFA00D4D658 /* renyu.bundle */ = {isa = PBXFileReference; lastKnownFileType = file; path = renyu.bundle; sourceTree = "<group>"; };
		2D0A9DBB28911AFA00D4D658 /* qianzhihe.bundle */ = {isa = PBXFileReference; lastKnownFileType = file; path = qianzhihe.bundle; sourceTree = "<group>"; };
		2D0A9DBC28911AFA00D4D658 /* wumei.bundle */ = {isa = PBXFileReference; lastKnownFileType = file; path = wumei.bundle; sourceTree = "<group>"; };
		2D0A9DBD28911AFA00D4D658 /* shaonv.bundle */ = {isa = PBXFileReference; lastKnownFileType = file; path = shaonv.bundle; sourceTree = "<group>"; };
		2D0A9DBE28911AFA00D4D658 /* chuqiu.bundle */ = {isa = PBXFileReference; lastKnownFileType = file; path = chuqiu.bundle; sourceTree = "<group>"; };
		2D0A9DBF28911AFA00D4D658 /* nuandong.bundle */ = {isa = PBXFileReference; lastKnownFileType = file; path = nuandong.bundle; sourceTree = "<group>"; };
		2D0A9DC028911AFA00D4D658 /* xinggan.bundle */ = {isa = PBXFileReference; lastKnownFileType = file; path = xinggan.bundle; sourceTree = "<group>"; };
		2D0A9DC128911AFA00D4D658 /* en */ = {isa = PBXFileReference; lastKnownFileType = text.plist.strings; name = en; path = en.lproj/FaceUnity.strings; sourceTree = "<group>"; };
		2D0A9DC228911AFA00D4D658 /* FaceUnity.xcassets */ = {isa = PBXFileReference; lastKnownFileType = folder.assetcatalog; path = FaceUnity.xcassets; sourceTree = "<group>"; };
		2D0A9DC428911AFA00D4D658 /* fashi.bundle */ = {isa = PBXFileReference; lastKnownFileType = file; path = fashi.bundle; sourceTree = "<group>"; };
		2D0A9DC528911AFA00D4D658 /* sdlu.bundle */ = {isa = PBXFileReference; lastKnownFileType = file; path = sdlu.bundle; sourceTree = "<group>"; };
		2D0A9DC628911AFA00D4D658 /* xueqiu_lm_fu.bundle */ = {isa = PBXFileReference; lastKnownFileType = file; path = xueqiu_lm_fu.bundle; sourceTree = "<group>"; };
		2D0A9DC728911AFA00D4D658 /* DaisyPig.bundle */ = {isa = PBXFileReference; lastKnownFileType = file; path = DaisyPig.bundle; sourceTree = "<group>"; };
		2D0A9DC828911AFA00D4D658 /* FUManager.m */ = {isa = PBXFileReference; fileEncoding = 4; lastKnownFileType = sourcecode.c.objc; path = FUManager.m; sourceTree = "<group>"; };
		2D0A9DC928911AFA00D4D658 /* authpack.h */ = {isa = PBXFileReference; fileEncoding = 4; lastKnownFileType = sourcecode.c.h; path = authpack.h; sourceTree = "<group>"; };
		2D9AA17E25490CEF00182898 /* CoreML.framework */ = {isa = PBXFileReference; lastKnownFileType = wrapper.framework; name = CoreML.framework; path = System/Library/Frameworks/CoreML.framework; sourceTree = SDKROOT; };
		419DA0A424D7EDF90001A561 /* NTESDemoUserModel.h */ = {isa = PBXFileReference; fileEncoding = 4; lastKnownFileType = sourcecode.c.h; path = NTESDemoUserModel.h; sourceTree = "<group>"; };
		419DA0A624D7EDF90001A561 /* NETSDemoP2PViewController.m */ = {isa = PBXFileReference; fileEncoding = 4; lastKnownFileType = sourcecode.c.objc; path = NETSDemoP2PViewController.m; sourceTree = "<group>"; };
		419DA0A724D7EDF90001A561 /* NETSDemoViewController.m */ = {isa = PBXFileReference; fileEncoding = 4; lastKnownFileType = sourcecode.c.objc; path = NETSDemoViewController.m; sourceTree = "<group>"; };
		419DA0A824D7EDF90001A561 /* Assets.xcassets */ = {isa = PBXFileReference; lastKnownFileType = folder.assetcatalog; path = Assets.xcassets; sourceTree = "<group>"; };
		419DA0A924D7EDF90001A561 /* NETSAppDelegate.m */ = {isa = PBXFileReference; fileEncoding = 4; lastKnownFileType = sourcecode.c.objc; path = NETSAppDelegate.m; sourceTree = "<group>"; };
		419DA0AB24D7EDF90001A561 /* Base */ = {isa = PBXFileReference; lastKnownFileType = file.storyboard; name = Base; path = Base.lproj/LaunchScreen.storyboard; sourceTree = "<group>"; };
		419DA0AD24D7EDF90001A561 /* Base */ = {isa = PBXFileReference; lastKnownFileType = file.storyboard; name = Base; path = Base.lproj/Main.storyboard; sourceTree = "<group>"; };
		419DA0AE24D7EDF90001A561 /* AppKey.h */ = {isa = PBXFileReference; fileEncoding = 4; lastKnownFileType = sourcecode.c.h; path = AppKey.h; sourceTree = "<group>"; };
		419DA0AF24D7EDF90001A561 /* NETSDemoP2PViewController.h */ = {isa = PBXFileReference; fileEncoding = 4; lastKnownFileType = sourcecode.c.h; path = NETSDemoP2PViewController.h; sourceTree = "<group>"; };
		419DA0B024D7EDF90001A561 /* NTESDemoUserModel.m */ = {isa = PBXFileReference; fileEncoding = 4; lastKnownFileType = sourcecode.c.objc; path = NTESDemoUserModel.m; sourceTree = "<group>"; };
		419DA0B124D7EDF90001A561 /* main.m */ = {isa = PBXFileReference; fileEncoding = 4; lastKnownFileType = sourcecode.c.objc; path = main.m; sourceTree = "<group>"; };
		419DA0B224D7EDF90001A561 /* NETSDemoViewController.h */ = {isa = PBXFileReference; fileEncoding = 4; lastKnownFileType = sourcecode.c.h; path = NETSDemoViewController.h; sourceTree = "<group>"; };
		419DA0B324D7EDF90001A561 /* NETSAppDelegate.h */ = {isa = PBXFileReference; fileEncoding = 4; lastKnownFileType = sourcecode.c.h; path = NETSAppDelegate.h; sourceTree = "<group>"; };
		419DA0B424D7EDF90001A561 /* Info.plist */ = {isa = PBXFileReference; fileEncoding = 4; lastKnownFileType = text.plist.xml; path = Info.plist; sourceTree = "<group>"; };
		48CFCBFC24C5766E002DE0CA /* NERTC1to1Sample.app */ = {isa = PBXFileReference; explicitFileType = wrapper.application; includeInIndex = 0; path = NERTC1to1Sample.app; sourceTree = BUILT_PRODUCTS_DIR; };
		9691D4D316DAB71FF86F6EA5 /* Pods-NERTC1to1Sample.release.xcconfig */ = {isa = PBXFileReference; includeInIndex = 1; lastKnownFileType = text.xcconfig; name = "Pods-NERTC1to1Sample.release.xcconfig"; path = "Target Support Files/Pods-NERTC1to1Sample/Pods-NERTC1to1Sample.release.xcconfig"; sourceTree = "<group>"; };
		C5F1F68F905A31BF2037DEF2 /* libPods-NERTC1to1Sample.a */ = {isa = PBXFileReference; explicitFileType = archive.ar; includeInIndex = 0; path = "libPods-NERTC1to1Sample.a"; sourceTree = BUILT_PRODUCTS_DIR; };
		D0E2629D65BDF2279CC68FF4 /* Pods_NERtcP2pSampleTests.framework */ = {isa = PBXFileReference; explicitFileType = wrapper.framework; includeInIndex = 0; path = Pods_NERtcP2pSampleTests.framework; sourceTree = BUILT_PRODUCTS_DIR; };
		FC5C3C8634B0AFCD6093380C /* Pods-NERTC1to1Sample.debug.xcconfig */ = {isa = PBXFileReference; includeInIndex = 1; lastKnownFileType = text.xcconfig; name = "Pods-NERTC1to1Sample.debug.xcconfig"; path = "Target Support Files/Pods-NERTC1to1Sample/Pods-NERTC1to1Sample.debug.xcconfig"; sourceTree = "<group>"; };
/* End PBXFileReference section */

/* Begin PBXFrameworksBuildPhase section */
		48CFCBF924C5766E002DE0CA /* Frameworks */ = {
			isa = PBXFrameworksBuildPhase;
			buildActionMask = 2147483647;
			files = (
				2D9AA17F25490CEF00182898 /* CoreML.framework in Frameworks */,
				BFB46F3C30C2796652B24AD1 /* libPods-NERTC1to1Sample.a in Frameworks */,
			);
			runOnlyForDeploymentPostprocessing = 0;
		};
/* End PBXFrameworksBuildPhase section */

/* Begin PBXGroup section */
		0417D8F3599AB5E8B5633296 /* Frameworks */ = {
			isa = PBXGroup;
			children = (
				2D9AA17E25490CEF00182898 /* CoreML.framework */,
				D0E2629D65BDF2279CC68FF4 /* Pods_NERtcP2pSampleTests.framework */,
				C5F1F68F905A31BF2037DEF2 /* libPods-NERTC1to1Sample.a */,
			);
			name = Frameworks;
			sourceTree = "<group>";
		};
		2D0A9D7328911AFA00D4D658 /* FaceUnity */ = {
			isa = PBXGroup;
			children = (
				2D0A9DC928911AFA00D4D658 /* authpack.h */,
				2D0A9D7428911AFA00D4D658 /* Demo */,
			);
			path = FaceUnity;
			sourceTree = "<group>";
		};
		2D0A9D7428911AFA00D4D658 /* Demo */ = {
			isa = PBXGroup;
			children = (
				2D0A9D8728911AFA00D4D658 /* Defines */,
				2D0A9DAA28911AFA00D4D658 /* FUDemoManager.h */,
				2D0A9D8528911AFA00D4D658 /* FUDemoManager.m */,
				2D0A9D8628911AFA00D4D658 /* FUManager.h */,
				2D0A9DC828911AFA00D4D658 /* FUManager.m */,
				2D0A9D8428911AFA00D4D658 /* FUTestRecorder.h */,
				2D0A9D8928911AFA00D4D658 /* FUTestRecorder.m */,
				2D0A9D8A28911AFA00D4D658 /* Model */,
				2D0A9DAB28911AFA00D4D658 /* Resource */,
				2D0A9D9928911AFA00D4D658 /* View */,
				2D0A9D7528911AFA00D4D658 /* ViewModel */,
			);
			path = Demo;
			sourceTree = "<group>";
		};
		2D0A9D7528911AFA00D4D658 /* ViewModel */ = {
			isa = PBXGroup;
			children = (
				2D0A9D7628911AFA00D4D658 /* FUViewModel.m */,
				2D0A9D7728911AFA00D4D658 /* FUBeautySkinViewModel.m */,
				2D0A9D7828911AFA00D4D658 /* FUBeautyShapeViewModel.m */,
				2D0A9D7928911AFA00D4D658 /* FUStickerViewModel.h */,
				2D0A9D7A28911AFA00D4D658 /* FUBeautyBodyViewModel.h */,
				2D0A9D7B28911AFA00D4D658 /* FUFilterViewModel.h */,
				2D0A9D7C28911AFA00D4D658 /* FUMakeupViewModel.h */,
				2D0A9D7D28911AFA00D4D658 /* FUViewModel.h */,
				2D0A9D7E28911AFA00D4D658 /* FUBeautySkinViewModel.h */,
				2D0A9D7F28911AFA00D4D658 /* FUStickerViewModel.m */,
				2D0A9D8028911AFA00D4D658 /* FUBeautyShapeViewModel.h */,
				2D0A9D8128911AFA00D4D658 /* FUMakeupViewModel.m */,
				2D0A9D8228911AFA00D4D658 /* FUFilterViewModel.m */,
				2D0A9D8328911AFA00D4D658 /* FUBeautyBodyViewModel.m */,
			);
			path = ViewModel;
			sourceTree = "<group>";
		};
		2D0A9D8728911AFA00D4D658 /* Defines */ = {
			isa = PBXGroup;
			children = (
				2D0A9D8828911AFA00D4D658 /* FUDefines.h */,
			);
			path = Defines;
			sourceTree = "<group>";
		};
		2D0A9D8A28911AFA00D4D658 /* Model */ = {
			isa = PBXGroup;
			children = (
				2D0A9D8B28911AFA00D4D658 /* FUModel.h */,
				2D0A9D8C28911AFA00D4D658 /* FUBeautyShapeModel.m */,
				2D0A9D8D28911AFA00D4D658 /* FUBeautySkinModel.m */,
				2D0A9D8E28911AFA00D4D658 /* FUBeautyBodyModel.m */,
				2D0A9D8F28911AFA00D4D658 /* FUFilterModel.m */,
				2D0A9D9028911AFA00D4D658 /* FUMakeupModel.h */,
				2D0A9D9128911AFA00D4D658 /* FUStickerModel.h */,
				2D0A9D9228911AFA00D4D658 /* FUBeautyShapeModel.h */,
				2D0A9D9328911AFA00D4D658 /* FUModel.m */,
				2D0A9D9428911AFA00D4D658 /* FUFilterModel.h */,
				2D0A9D9528911AFA00D4D658 /* FUBeautyBodyModel.h */,
				2D0A9D9628911AFA00D4D658 /* FUBeautySkinModel.h */,
				2D0A9D9728911AFA00D4D658 /* FUStickerModel.m */,
				2D0A9D9828911AFA00D4D658 /* FUMakeupModel.m */,
			);
			path = Model;
			sourceTree = "<group>";
		};
		2D0A9D9928911AFA00D4D658 /* View */ = {
			isa = PBXGroup;
			children = (
				2D0A9D9A28911AFA00D4D658 /* FUInsetsLabel.m */,
				2D0A9D9B28911AFA00D4D658 /* FUSegmentBar.h */,
				2D0A9D9C28911AFA00D4D658 /* FUFunctionView.h */,
				2D0A9D9D28911AFA00D4D658 /* FUSlider.m */,
				2D0A9D9E28911AFA00D4D658 /* FUTipHUD.h */,
				2D0A9D9F28911AFA00D4D658 /* FUSquareButton.m */,
				2D0A9DA028911AFA00D4D658 /* FUBeautyFunctionView.h */,
				2D0A9DA128911AFA00D4D658 /* FUOthersFunctionView.m */,
				2D0A9DA228911AFA00D4D658 /* FUSegmentBar.m */,
				2D0A9DA328911AFA00D4D658 /* FUInsetsLabel.h */,
				2D0A9DA428911AFA00D4D658 /* FUSlider.h */,
				2D0A9DA528911AFA00D4D658 /* FUFunctionView.m */,
				2D0A9DA628911AFA00D4D658 /* FUBeautyFunctionView.m */,
				2D0A9DA728911AFA00D4D658 /* FUSquareButton.h */,
				2D0A9DA828911AFA00D4D658 /* FUTipHUD.m */,
				2D0A9DA928911AFA00D4D658 /* FUOthersFunctionView.h */,
			);
			path = View;
			sourceTree = "<group>";
		};
		2D0A9DAB28911AFA00D4D658 /* Resource */ = {
			isa = PBXGroup;
			children = (
				2D0A9DAC28911AFA00D4D658 /* FaceUnity.strings */,
				2D0A9DAE28911AFA00D4D658 /* 美妆 */,
				2D0A9DC228911AFA00D4D658 /* FaceUnity.xcassets */,
				2D0A9DC328911AFA00D4D658 /* 贴纸 */,
			);
			path = Resource;
			sourceTree = "<group>";
		};
		2D0A9DAE28911AFA00D4D658 /* 美妆 */ = {
			isa = PBXGroup;
			children = (
				2D0A9DAF28911AFA00D4D658 /* oumei.bundle */,
				2D0A9DB028911AFA00D4D658 /* Rose.bundle */,
				2D0A9DB128911AFA00D4D658 /* linjia.bundle */,
				2D0A9DB228911AFA00D4D658 /* yanshimao.bundle */,
				2D0A9DB328911AFA00D4D658 /* tianmei.bundle */,
				2D0A9DB428911AFA00D4D658 /* ziyun.bundle */,
				2D0A9DB528911AFA00D4D658 /* chaomo.bundle */,
				2D0A9DB628911AFA00D4D658 /* hongfeng.bundle */,
				2D0A9DB728911AFA00D4D658 /* jianling.bundle */,
				2D0A9DB828911AFA00D4D658 /* gangfeng.bundle */,
				2D0A9DB928911AFA00D4D658 /* chuju.bundle */,
				2D0A9DBA28911AFA00D4D658 /* renyu.bundle */,
				2D0A9DBB28911AFA00D4D658 /* qianzhihe.bundle */,
				2D0A9DBC28911AFA00D4D658 /* wumei.bundle */,
				2D0A9DBD28911AFA00D4D658 /* shaonv.bundle */,
				2D0A9DBE28911AFA00D4D658 /* chuqiu.bundle */,
				2D0A9DBF28911AFA00D4D658 /* nuandong.bundle */,
				2D0A9DC028911AFA00D4D658 /* xinggan.bundle */,
			);
			path = "美妆";
			sourceTree = "<group>";
		};
		2D0A9DC328911AFA00D4D658 /* 贴纸 */ = {
			isa = PBXGroup;
			children = (
				2D0A9DC428911AFA00D4D658 /* fashi.bundle */,
				2D0A9DC528911AFA00D4D658 /* sdlu.bundle */,
				2D0A9DC628911AFA00D4D658 /* xueqiu_lm_fu.bundle */,
				2D0A9DC728911AFA00D4D658 /* DaisyPig.bundle */,
			);
			path = "贴纸";
			sourceTree = "<group>";
		};
		419DA0A324D7EDF90001A561 /* NERTC1to1Sample */ = {
			isa = PBXGroup;
			children = (
				2D0A9D7328911AFA00D4D658 /* FaceUnity */,
				419DA0B324D7EDF90001A561 /* NETSAppDelegate.h */,
				419DA0A924D7EDF90001A561 /* NETSAppDelegate.m */,
				419DA0B224D7EDF90001A561 /* NETSDemoViewController.h */,
				419DA0A724D7EDF90001A561 /* NETSDemoViewController.m */,
				419DA0AF24D7EDF90001A561 /* NETSDemoP2PViewController.h */,
				419DA0A624D7EDF90001A561 /* NETSDemoP2PViewController.m */,
				419DA0A424D7EDF90001A561 /* NTESDemoUserModel.h */,
				419DA0B024D7EDF90001A561 /* NTESDemoUserModel.m */,
				419DA0AE24D7EDF90001A561 /* AppKey.h */,
				419DA0A824D7EDF90001A561 /* Assets.xcassets */,
				419DA0AA24D7EDF90001A561 /* LaunchScreen.storyboard */,
				419DA0AC24D7EDF90001A561 /* Main.storyboard */,
				419DA0B124D7EDF90001A561 /* main.m */,
				419DA0B424D7EDF90001A561 /* Info.plist */,
			);
			path = NERTC1to1Sample;
			sourceTree = "<group>";
		};
		48CFCBF324C5766E002DE0CA = {
			isa = PBXGroup;
			children = (
				419DA0A324D7EDF90001A561 /* NERTC1to1Sample */,
				48CFCBFD24C5766E002DE0CA /* Products */,
				8CA7108BC9A09D2DBB718569 /* Pods */,
				0417D8F3599AB5E8B5633296 /* Frameworks */,
			);
			sourceTree = "<group>";
		};
		48CFCBFD24C5766E002DE0CA /* Products */ = {
			isa = PBXGroup;
			children = (
				48CFCBFC24C5766E002DE0CA /* NERTC1to1Sample.app */,
			);
			name = Products;
			sourceTree = "<group>";
		};
		8CA7108BC9A09D2DBB718569 /* Pods */ = {
			isa = PBXGroup;
			children = (
				FC5C3C8634B0AFCD6093380C /* Pods-NERTC1to1Sample.debug.xcconfig */,
				9691D4D316DAB71FF86F6EA5 /* Pods-NERTC1to1Sample.release.xcconfig */,
			);
			path = Pods;
			sourceTree = "<group>";
		};
/* End PBXGroup section */

/* Begin PBXNativeTarget section */
		48CFCBFB24C5766E002DE0CA /* NERTC1to1Sample */ = {
			isa = PBXNativeTarget;
			buildConfigurationList = 48CFCC2024C57670002DE0CA /* Build configuration list for PBXNativeTarget "NERTC1to1Sample" */;
			buildPhases = (
				112561FC6395F37886CAF35C /* [CP] Check Pods Manifest.lock */,
				48CFCBF824C5766E002DE0CA /* Sources */,
				48CFCBF924C5766E002DE0CA /* Frameworks */,
				48CFCBFA24C5766E002DE0CA /* Resources */,
				224416CB89A37BC927D7977B /* [CP] Embed Pods Frameworks */,
				D45564DC06B39BCDDD9E4C49 /* [CP] Copy Pods Resources */,
				2D0D36D1265202CF00D94214 /* Embed Frameworks */,
			);
			buildRules = (
			);
			dependencies = (
			);
			name = NERTC1to1Sample;
			productName = NERtcP2pSample;
			productReference = 48CFCBFC24C5766E002DE0CA /* NERTC1to1Sample.app */;
			productType = "com.apple.product-type.application";
		};
/* End PBXNativeTarget section */

/* Begin PBXProject section */
		48CFCBF424C5766E002DE0CA /* Project object */ = {
			isa = PBXProject;
			attributes = {
				LastUpgradeCheck = 1160;
				ORGANIZATIONNAME = "丁文超";
				TargetAttributes = {
					48CFCBFB24C5766E002DE0CA = {
						CreatedOnToolsVersion = 11.6;
					};
				};
			};
			buildConfigurationList = 48CFCBF724C5766E002DE0CA /* Build configuration list for PBXProject "NERTC1to1Sample" */;
			compatibilityVersion = "Xcode 9.3";
			developmentRegion = en;
			hasScannedForEncodings = 0;
			knownRegions = (
				en,
				Base,
				"zh-Hans",
			);
			mainGroup = 48CFCBF324C5766E002DE0CA;
			productRefGroup = 48CFCBFD24C5766E002DE0CA /* Products */;
			projectDirPath = "";
			projectRoot = "";
			targets = (
				48CFCBFB24C5766E002DE0CA /* NERTC1to1Sample */,
			);
		};
/* End PBXProject section */

/* Begin PBXResourcesBuildPhase section */
		48CFCBFA24C5766E002DE0CA /* Resources */ = {
			isa = PBXResourcesBuildPhase;
			buildActionMask = 2147483647;
			files = (
				2D0A9DF328911AFB00D4D658 /* nuandong.bundle in Resources */,
				2D0A9DEB28911AFB00D4D658 /* jianling.bundle in Resources */,
				2D0A9DE428911AFB00D4D658 /* Rose.bundle in Resources */,
				2D0A9DE628911AFB00D4D658 /* yanshimao.bundle in Resources */,
				2D0A9DF528911AFB00D4D658 /* FaceUnity.xcassets in Resources */,
				2D0A9DE328911AFB00D4D658 /* oumei.bundle in Resources */,
				2D0A9DF728911AFB00D4D658 /* sdlu.bundle in Resources */,
				2D0A9DE728911AFB00D4D658 /* tianmei.bundle in Resources */,
				2D0A9DED28911AFB00D4D658 /* chuju.bundle in Resources */,
				2D0A9DF928911AFB00D4D658 /* DaisyPig.bundle in Resources */,
				2D0A9DE928911AFB00D4D658 /* chaomo.bundle in Resources */,
				2D0A9DEF28911AFB00D4D658 /* qianzhihe.bundle in Resources */,
				2D0A9DEE28911AFB00D4D658 /* renyu.bundle in Resources */,
				2D0A9DF028911AFB00D4D658 /* wumei.bundle in Resources */,
				2D0A9DEC28911AFB00D4D658 /* gangfeng.bundle in Resources */,
				2D0A9DF828911AFB00D4D658 /* xueqiu_lm_fu.bundle in Resources */,
				419DA0BA24D7EDF90001A561 /* LaunchScreen.storyboard in Resources */,
				2D0A9DF128911AFB00D4D658 /* shaonv.bundle in Resources */,
				2D0A9DF628911AFB00D4D658 /* fashi.bundle in Resources */,
				2D0A9DE828911AFB00D4D658 /* ziyun.bundle in Resources */,
				2D0A9DEA28911AFB00D4D658 /* hongfeng.bundle in Resources */,
				2D0A9DF428911AFB00D4D658 /* xinggan.bundle in Resources */,
				2D0A9DE528911AFB00D4D658 /* linjia.bundle in Resources */,
				2D0A9DF228911AFB00D4D658 /* chuqiu.bundle in Resources */,
				2D0A9DE228911AFB00D4D658 /* FaceUnity.strings in Resources */,
				419DA0B824D7EDF90001A561 /* Assets.xcassets in Resources */,
				419DA0BB24D7EDF90001A561 /* Main.storyboard in Resources */,
			);
			runOnlyForDeploymentPostprocessing = 0;
		};
/* End PBXResourcesBuildPhase section */

/* Begin PBXShellScriptBuildPhase section */
		112561FC6395F37886CAF35C /* [CP] Check Pods Manifest.lock */ = {
			isa = PBXShellScriptBuildPhase;
			buildActionMask = 2147483647;
			files = (
			);
			inputFileListPaths = (
			);
			inputPaths = (
				"${PODS_PODFILE_DIR_PATH}/Podfile.lock",
				"${PODS_ROOT}/Manifest.lock",
			);
			name = "[CP] Check Pods Manifest.lock";
			outputFileListPaths = (
			);
			outputPaths = (
				"$(DERIVED_FILE_DIR)/Pods-NERTC1to1Sample-checkManifestLockResult.txt",
			);
			runOnlyForDeploymentPostprocessing = 0;
			shellPath = /bin/sh;
			shellScript = "diff \"${PODS_PODFILE_DIR_PATH}/Podfile.lock\" \"${PODS_ROOT}/Manifest.lock\" > /dev/null\nif [ $? != 0 ] ; then\n    # print error to STDERR\n    echo \"error: The sandbox is not in sync with the Podfile.lock. Run 'pod install' or update your CocoaPods installation.\" >&2\n    exit 1\nfi\n# This output is used by Xcode 'outputs' to avoid re-running this script phase.\necho \"SUCCESS\" > \"${SCRIPT_OUTPUT_FILE_0}\"\n";
			showEnvVarsInLog = 0;
		};
		224416CB89A37BC927D7977B /* [CP] Embed Pods Frameworks */ = {
			isa = PBXShellScriptBuildPhase;
			buildActionMask = 2147483647;
			files = (
			);
			inputFileListPaths = (
				"${PODS_ROOT}/Target Support Files/Pods-NERTC1to1Sample/Pods-NERTC1to1Sample-frameworks-${CONFIGURATION}-input-files.xcfilelist",
			);
			name = "[CP] Embed Pods Frameworks";
			outputFileListPaths = (
				"${PODS_ROOT}/Target Support Files/Pods-NERTC1to1Sample/Pods-NERTC1to1Sample-frameworks-${CONFIGURATION}-output-files.xcfilelist",
			);
			runOnlyForDeploymentPostprocessing = 0;
			shellPath = /bin/sh;
			shellScript = "\"${PODS_ROOT}/Target Support Files/Pods-NERTC1to1Sample/Pods-NERTC1to1Sample-frameworks.sh\"\n";
			showEnvVarsInLog = 0;
		};
		D45564DC06B39BCDDD9E4C49 /* [CP] Copy Pods Resources */ = {
			isa = PBXShellScriptBuildPhase;
			buildActionMask = 2147483647;
			files = (
			);
			inputFileListPaths = (
				"${PODS_ROOT}/Target Support Files/Pods-NERTC1to1Sample/Pods-NERTC1to1Sample-resources-${CONFIGURATION}-input-files.xcfilelist",
			);
			name = "[CP] Copy Pods Resources";
			outputFileListPaths = (
				"${PODS_ROOT}/Target Support Files/Pods-NERTC1to1Sample/Pods-NERTC1to1Sample-resources-${CONFIGURATION}-output-files.xcfilelist",
			);
			runOnlyForDeploymentPostprocessing = 0;
			shellPath = /bin/sh;
			shellScript = "\"${PODS_ROOT}/Target Support Files/Pods-NERTC1to1Sample/Pods-NERTC1to1Sample-resources.sh\"\n";
			showEnvVarsInLog = 0;
		};
/* End PBXShellScriptBuildPhase section */

/* Begin PBXSourcesBuildPhase section */
		48CFCBF824C5766E002DE0CA /* Sources */ = {
			isa = PBXSourcesBuildPhase;
			buildActionMask = 2147483647;
			files = (
				419DA0BD24D7EDF90001A561 /* main.m in Sources */,
				2D0A9DD028911AFA00D4D658 /* FUBeautyBodyViewModel.m in Sources */,
				2D0A9DFA28911AFB00D4D658 /* FUManager.m in Sources */,
				2D0A9DCB28911AFA00D4D658 /* FUBeautySkinViewModel.m in Sources */,
				2D0A9DDD28911AFA00D4D658 /* FUOthersFunctionView.m in Sources */,
				2D0A9DDB28911AFA00D4D658 /* FUSlider.m in Sources */,
				419DA0B624D7EDF90001A561 /* NETSDemoP2PViewController.m in Sources */,
				419DA0BC24D7EDF90001A561 /* NTESDemoUserModel.m in Sources */,
				419DA0B924D7EDF90001A561 /* NETSAppDelegate.m in Sources */,
				2D0A9DD928911AFA00D4D658 /* FUMakeupModel.m in Sources */,
				2D0A9DCC28911AFA00D4D658 /* FUBeautyShapeViewModel.m in Sources */,
				2D0A9DDE28911AFA00D4D658 /* FUSegmentBar.m in Sources */,
				2D0A9DE028911AFB00D4D658 /* FUBeautyFunctionView.m in Sources */,
				2D0A9DCD28911AFA00D4D658 /* FUStickerViewModel.m in Sources */,
				2D0A9DE128911AFB00D4D658 /* FUTipHUD.m in Sources */,
				419DA0B724D7EDF90001A561 /* NETSDemoViewController.m in Sources */,
				2D0A9DDC28911AFA00D4D658 /* FUSquareButton.m in Sources */,
				2D0A9DD728911AFA00D4D658 /* FUModel.m in Sources */,
				2D0A9DDF28911AFB00D4D658 /* FUFunctionView.m in Sources */,
				2D0A9DD528911AFA00D4D658 /* FUBeautyBodyModel.m in Sources */,
				2D0A9DD628911AFA00D4D658 /* FUFilterModel.m in Sources */,
				2D0A9DDA28911AFA00D4D658 /* FUInsetsLabel.m in Sources */,
				2D0A9DD428911AFA00D4D658 /* FUBeautySkinModel.m in Sources */,
				2D0A9DCE28911AFA00D4D658 /* FUMakeupViewModel.m in Sources */,
				2D0A9DCF28911AFA00D4D658 /* FUFilterViewModel.m in Sources */,
				2D0A9DD128911AFA00D4D658 /* FUDemoManager.m in Sources */,
				2D0A9DD828911AFA00D4D658 /* FUStickerModel.m in Sources */,
				2D0A9DD228911AFA00D4D658 /* FUTestRecorder.m in Sources */,
				2D0A9DCA28911AFA00D4D658 /* FUViewModel.m in Sources */,
				2D0A9DD328911AFA00D4D658 /* FUBeautyShapeModel.m in Sources */,
			);
			runOnlyForDeploymentPostprocessing = 0;
		};
/* End PBXSourcesBuildPhase section */

/* Begin PBXVariantGroup section */
		2D0A9DAC28911AFA00D4D658 /* FaceUnity.strings */ = {
			isa = PBXVariantGroup;
			children = (
				2D0A9DAD28911AFA00D4D658 /* zh-Hans */,
				2D0A9DC128911AFA00D4D658 /* en */,
			);
			name = FaceUnity.strings;
			sourceTree = "<group>";
		};
		419DA0AA24D7EDF90001A561 /* LaunchScreen.storyboard */ = {
			isa = PBXVariantGroup;
			children = (
				419DA0AB24D7EDF90001A561 /* Base */,
			);
			name = LaunchScreen.storyboard;
			sourceTree = "<group>";
		};
		419DA0AC24D7EDF90001A561 /* Main.storyboard */ = {
			isa = PBXVariantGroup;
			children = (
				419DA0AD24D7EDF90001A561 /* Base */,
			);
			name = Main.storyboard;
			sourceTree = "<group>";
		};
/* End PBXVariantGroup section */

/* Begin XCBuildConfiguration section */
		48CFCC1E24C57670002DE0CA /* Debug */ = {
			isa = XCBuildConfiguration;
			buildSettings = {
				ALWAYS_SEARCH_USER_PATHS = NO;
				CLANG_ANALYZER_NONNULL = YES;
				CLANG_ANALYZER_NUMBER_OBJECT_CONVERSION = YES_AGGRESSIVE;
				CLANG_CXX_LANGUAGE_STANDARD = "gnu++14";
				CLANG_CXX_LIBRARY = "libc++";
				CLANG_ENABLE_MODULES = YES;
				CLANG_ENABLE_OBJC_ARC = YES;
				CLANG_ENABLE_OBJC_WEAK = YES;
				CLANG_WARN_BLOCK_CAPTURE_AUTORELEASING = YES;
				CLANG_WARN_BOOL_CONVERSION = YES;
				CLANG_WARN_COMMA = YES;
				CLANG_WARN_CONSTANT_CONVERSION = YES;
				CLANG_WARN_DEPRECATED_OBJC_IMPLEMENTATIONS = YES;
				CLANG_WARN_DIRECT_OBJC_ISA_USAGE = YES_ERROR;
				CLANG_WARN_DOCUMENTATION_COMMENTS = YES;
				CLANG_WARN_EMPTY_BODY = YES;
				CLANG_WARN_ENUM_CONVERSION = YES;
				CLANG_WARN_INFINITE_RECURSION = YES;
				CLANG_WARN_INT_CONVERSION = YES;
				CLANG_WARN_NON_LITERAL_NULL_CONVERSION = YES;
				CLANG_WARN_OBJC_IMPLICIT_RETAIN_SELF = YES;
				CLANG_WARN_OBJC_LITERAL_CONVERSION = YES;
				CLANG_WARN_OBJC_ROOT_CLASS = YES_ERROR;
				CLANG_WARN_RANGE_LOOP_ANALYSIS = YES;
				CLANG_WARN_STRICT_PROTOTYPES = YES;
				CLANG_WARN_SUSPICIOUS_MOVE = YES;
				CLANG_WARN_UNGUARDED_AVAILABILITY = YES_AGGRESSIVE;
				CLANG_WARN_UNREACHABLE_CODE = YES;
				CLANG_WARN__DUPLICATE_METHOD_MATCH = YES;
				COPY_PHASE_STRIP = NO;
				DEBUG_INFORMATION_FORMAT = dwarf;
				ENABLE_STRICT_OBJC_MSGSEND = YES;
				ENABLE_TESTABILITY = YES;
				GCC_C_LANGUAGE_STANDARD = gnu11;
				GCC_DYNAMIC_NO_PIC = NO;
				GCC_NO_COMMON_BLOCKS = YES;
				GCC_OPTIMIZATION_LEVEL = 0;
				GCC_PREPROCESSOR_DEFINITIONS = (
					"DEBUG=1",
					"$(inherited)",
				);
				GCC_WARN_64_TO_32_BIT_CONVERSION = YES;
				GCC_WARN_ABOUT_RETURN_TYPE = YES_ERROR;
				GCC_WARN_UNDECLARED_SELECTOR = YES;
				GCC_WARN_UNINITIALIZED_AUTOS = YES_AGGRESSIVE;
				GCC_WARN_UNUSED_FUNCTION = YES;
				GCC_WARN_UNUSED_VARIABLE = YES;
				IPHONEOS_DEPLOYMENT_TARGET = 9.0;
				MTL_ENABLE_DEBUG_INFO = INCLUDE_SOURCE;
				MTL_FAST_MATH = YES;
				ONLY_ACTIVE_ARCH = YES;
				SDKROOT = iphoneos;
			};
			name = Debug;
		};
		48CFCC1F24C57670002DE0CA /* Release */ = {
			isa = XCBuildConfiguration;
			buildSettings = {
				ALWAYS_SEARCH_USER_PATHS = NO;
				CLANG_ANALYZER_NONNULL = YES;
				CLANG_ANALYZER_NUMBER_OBJECT_CONVERSION = YES_AGGRESSIVE;
				CLANG_CXX_LANGUAGE_STANDARD = "gnu++14";
				CLANG_CXX_LIBRARY = "libc++";
				CLANG_ENABLE_MODULES = YES;
				CLANG_ENABLE_OBJC_ARC = YES;
				CLANG_ENABLE_OBJC_WEAK = YES;
				CLANG_WARN_BLOCK_CAPTURE_AUTORELEASING = YES;
				CLANG_WARN_BOOL_CONVERSION = YES;
				CLANG_WARN_COMMA = YES;
				CLANG_WARN_CONSTANT_CONVERSION = YES;
				CLANG_WARN_DEPRECATED_OBJC_IMPLEMENTATIONS = YES;
				CLANG_WARN_DIRECT_OBJC_ISA_USAGE = YES_ERROR;
				CLANG_WARN_DOCUMENTATION_COMMENTS = YES;
				CLANG_WARN_EMPTY_BODY = YES;
				CLANG_WARN_ENUM_CONVERSION = YES;
				CLANG_WARN_INFINITE_RECURSION = YES;
				CLANG_WARN_INT_CONVERSION = YES;
				CLANG_WARN_NON_LITERAL_NULL_CONVERSION = YES;
				CLANG_WARN_OBJC_IMPLICIT_RETAIN_SELF = YES;
				CLANG_WARN_OBJC_LITERAL_CONVERSION = YES;
				CLANG_WARN_OBJC_ROOT_CLASS = YES_ERROR;
				CLANG_WARN_RANGE_LOOP_ANALYSIS = YES;
				CLANG_WARN_STRICT_PROTOTYPES = YES;
				CLANG_WARN_SUSPICIOUS_MOVE = YES;
				CLANG_WARN_UNGUARDED_AVAILABILITY = YES_AGGRESSIVE;
				CLANG_WARN_UNREACHABLE_CODE = YES;
				CLANG_WARN__DUPLICATE_METHOD_MATCH = YES;
				COPY_PHASE_STRIP = NO;
				DEBUG_INFORMATION_FORMAT = "dwarf-with-dsym";
				ENABLE_NS_ASSERTIONS = NO;
				ENABLE_STRICT_OBJC_MSGSEND = YES;
				GCC_C_LANGUAGE_STANDARD = gnu11;
				GCC_NO_COMMON_BLOCKS = YES;
				GCC_WARN_64_TO_32_BIT_CONVERSION = YES;
				GCC_WARN_ABOUT_RETURN_TYPE = YES_ERROR;
				GCC_WARN_UNDECLARED_SELECTOR = YES;
				GCC_WARN_UNINITIALIZED_AUTOS = YES_AGGRESSIVE;
				GCC_WARN_UNUSED_FUNCTION = YES;
				GCC_WARN_UNUSED_VARIABLE = YES;
				IPHONEOS_DEPLOYMENT_TARGET = 9.0;
				MTL_ENABLE_DEBUG_INFO = NO;
				MTL_FAST_MATH = YES;
				SDKROOT = iphoneos;
				VALIDATE_PRODUCT = YES;
			};
			name = Release;
		};
		48CFCC2124C57670002DE0CA /* Debug */ = {
			isa = XCBuildConfiguration;
			baseConfigurationReference = FC5C3C8634B0AFCD6093380C /* Pods-NERTC1to1Sample.debug.xcconfig */;
			buildSettings = {
				ASSETCATALOG_COMPILER_APPICON_NAME = AppIcon;
				CODE_SIGN_IDENTITY = "iPhone Developer";
				CODE_SIGN_STYLE = Manual;
				DEVELOPMENT_TEAM = 35A6KD62ZJ;
				ENABLE_BITCODE = NO;
				FRAMEWORK_SEARCH_PATHS = (
					"$(inherited)",
					"$(PROJECT_DIR)/NERTC1to1Sample/FaceUnity/Lib",
				);
				INFOPLIST_FILE = NERTC1to1Sample/Info.plist;
				IPHONEOS_DEPLOYMENT_TARGET = 9.0;
				LD_RUNPATH_SEARCH_PATHS = (
					"$(inherited)",
					"@executable_path/Frameworks",
				);
				LIBRARY_SEARCH_PATHS = (
					"$(inherited)",
					"$(PROJECT_DIR)/NERTC1to1Sample",
				);
				PRODUCT_BUNDLE_IDENTIFIER = com.netease.nmc.NERtcP2pSample;
				PRODUCT_NAME = "$(TARGET_NAME)";
				PROVISIONING_PROFILE_SPECIFIER = FUWildcard;
				TARGETED_DEVICE_FAMILY = "1,2";
			};
			name = Debug;
		};
		48CFCC2224C57670002DE0CA /* Release */ = {
			isa = XCBuildConfiguration;
			baseConfigurationReference = 9691D4D316DAB71FF86F6EA5 /* Pods-NERTC1to1Sample.release.xcconfig */;
			buildSettings = {
				ASSETCATALOG_COMPILER_APPICON_NAME = AppIcon;
				CODE_SIGN_IDENTITY = "Apple Development";
				CODE_SIGN_STYLE = Automatic;
				DEVELOPMENT_TEAM = "";
				ENABLE_BITCODE = NO;
				FRAMEWORK_SEARCH_PATHS = (
					"$(inherited)",
					"$(PROJECT_DIR)/NERTC1to1Sample/FaceUnity/Lib",
				);
				INFOPLIST_FILE = NERTC1to1Sample/Info.plist;
				IPHONEOS_DEPLOYMENT_TARGET = 9.0;
				LD_RUNPATH_SEARCH_PATHS = (
					"$(inherited)",
					"@executable_path/Frameworks",
				);
				LIBRARY_SEARCH_PATHS = (
					"$(inherited)",
					"$(PROJECT_DIR)/NERTC1to1Sample",
				);
				PRODUCT_BUNDLE_IDENTIFIER = com.netease.nmc.NERtcP2pSample;
				PRODUCT_NAME = "$(TARGET_NAME)";
				PROVISIONING_PROFILE_SPECIFIER = "";
				TARGETED_DEVICE_FAMILY = "1,2";
			};
			name = Release;
		};
/* End XCBuildConfiguration section */

/* Begin XCConfigurationList section */
		48CFCBF724C5766E002DE0CA /* Build configuration list for PBXProject "NERTC1to1Sample" */ = {
			isa = XCConfigurationList;
			buildConfigurations = (
				48CFCC1E24C57670002DE0CA /* Debug */,
				48CFCC1F24C57670002DE0CA /* Release */,
			);
			defaultConfigurationIsVisible = 0;
			defaultConfigurationName = Release;
		};
		48CFCC2024C57670002DE0CA /* Build configuration list for PBXNativeTarget "NERTC1to1Sample" */ = {
			isa = XCConfigurationList;
			buildConfigurations = (
				48CFCC2124C57670002DE0CA /* Debug */,
				48CFCC2224C57670002DE0CA /* Release */,
			);
			defaultConfigurationIsVisible = 0;
			defaultConfigurationName = Release;
		};
/* End XCConfigurationList section */
	};
	rootObject = 48CFCBF424C5766E002DE0CA /* Project object */;
}
