// !$*UTF8*$!
{
	archiveVersion = 1;
	classes = {
	};
	objectVersion = 54;
	objects = {

/* Begin PBXBuildFile section */
		2D9AA17F25490CEF00182898 /* CoreML.framework in Frameworks */ = {isa = PBXBuildFile; fileRef = 2D9AA17E25490CEF00182898 /* CoreML.framework */; settings = {ATTRIBUTES = (Weak, ); }; };
		2DB6616F2D3E0C2D008EDEBC /* FUBeautySkinViewModel.m in Sources */ = {isa = PBXBuildFile; fileRef = 2DB661612D3E0C2D008EDEBC /* FUBeautySkinViewModel.m */; };
		2DB661702D3E0C2D008EDEBC /* FUMakeupViewModel.m in Sources */ = {isa = PBXBuildFile; fileRef = 2DB661652D3E0C2D008EDEBC /* FUMakeupViewModel.m */; };
		2DB661712D3E0C2D008EDEBC /* FUTipHUD.m in Sources */ = {isa = PBXBuildFile; fileRef = 2DB6614D2D3E0C2D008EDEBC /* FUTipHUD.m */; };
		2DB661722D3E0C2D008EDEBC /* FUMakeupView.m in Sources */ = {isa = PBXBuildFile; fileRef = 2DB661582D3E0C2D008EDEBC /* FUMakeupView.m */; };
		2DB661732D3E0C2D008EDEBC /* FUInsetsLabel.m in Sources */ = {isa = PBXBuildFile; fileRef = 2DB661412D3E0C2D008EDEBC /* FUInsetsLabel.m */; };
		2DB661742D3E0C2D008EDEBC /* FUBeautyFilterView.m in Sources */ = {isa = PBXBuildFile; fileRef = 2DB661502D3E0C2D008EDEBC /* FUBeautyFilterView.m */; };
		2DB661752D3E0C2D008EDEBC /* FUStickerModel.m in Sources */ = {isa = PBXBuildFile; fileRef = 2DB661142D3E0C2D008EDEBC /* FUStickerModel.m */; };
		2DB661762D3E0C2D008EDEBC /* FUAlertController.m in Sources */ = {isa = PBXBuildFile; fileRef = 2DB6613C2D3E0C2D008EDEBC /* FUAlertController.m */; };
		2DB661772D3E0C2D008EDEBC /* FUBodyViewModel.m in Sources */ = {isa = PBXBuildFile; fileRef = 2DB661632D3E0C2D008EDEBC /* FUBodyViewModel.m */; };
		2DB661782D3E0C2D008EDEBC /* FUBeautySkinModel.m in Sources */ = {isa = PBXBuildFile; fileRef = 2DB6610E2D3E0C2D008EDEBC /* FUBeautySkinModel.m */; };
		2DB661792D3E0C2D008EDEBC /* FUBeautyShapeViewModel.m in Sources */ = {isa = PBXBuildFile; fileRef = 2DB6615F2D3E0C2D008EDEBC /* FUBeautyShapeViewModel.m */; };
		2DB6617A2D3E0C2D008EDEBC /* FUBeautyShapeView.m in Sources */ = {isa = PBXBuildFile; fileRef = 2DB661522D3E0C2D008EDEBC /* FUBeautyShapeView.m */; };
		2DB6617B2D3E0C2D008EDEBC /* FUSegmentBar.m in Sources */ = {isa = PBXBuildFile; fileRef = 2DB661442D3E0C2D008EDEBC /* FUSegmentBar.m */; };
		2DB6617C2D3E0C2D008EDEBC /* FUStickerViewModel.m in Sources */ = {isa = PBXBuildFile; fileRef = 2DB661672D3E0C2D008EDEBC /* FUStickerViewModel.m */; };
		2DB6617D2D3E0C2D008EDEBC /* FUBeautyFilterModel.m in Sources */ = {isa = PBXBuildFile; fileRef = 2DB6610A2D3E0C2D008EDEBC /* FUBeautyFilterModel.m */; };
		2DB6617E2D3E0C2D008EDEBC /* FUBeautyShapeModel.m in Sources */ = {isa = PBXBuildFile; fileRef = 2DB6610C2D3E0C2D008EDEBC /* FUBeautyShapeModel.m */; };
		2DB6617F2D3E0C2D008EDEBC /* FUTestRecorder.m in Sources */ = {isa = PBXBuildFile; fileRef = 2DB6616D2D3E0C2D008EDEBC /* FUTestRecorder.m */; };
		2DB661802D3E0C2D008EDEBC /* FUStickerView.m in Sources */ = {isa = PBXBuildFile; fileRef = 2DB6615A2D3E0C2D008EDEBC /* FUStickerView.m */; };
		2DB661812D3E0C2D008EDEBC /* FUBodyView.m in Sources */ = {isa = PBXBuildFile; fileRef = 2DB661562D3E0C2D008EDEBC /* FUBodyView.m */; };
		2DB661822D3E0C2D008EDEBC /* FUAlertManager.m in Sources */ = {isa = PBXBuildFile; fileRef = 2DB6613E2D3E0C2D008EDEBC /* FUAlertManager.m */; };
		2DB661832D3E0C2D008EDEBC /* FUDemoManager.m in Sources */ = {isa = PBXBuildFile; fileRef = 2DB6616B2D3E0C2D008EDEBC /* FUDemoManager.m */; };
		2DB661842D3E0C2D008EDEBC /* FUSlider.m in Sources */ = {isa = PBXBuildFile; fileRef = 2DB661472D3E0C2D008EDEBC /* FUSlider.m */; };
		2DB661852D3E0C2D008EDEBC /* FUSquareButton.m in Sources */ = {isa = PBXBuildFile; fileRef = 2DB6614A2D3E0C2D008EDEBC /* FUSquareButton.m */; };
		2DB661862D3E0C2D008EDEBC /* FUBeautyFilterViewModel.m in Sources */ = {isa = PBXBuildFile; fileRef = 2DB6615D2D3E0C2D008EDEBC /* FUBeautyFilterViewModel.m */; };
		2DB661872D3E0C2D008EDEBC /* FUMakeupModel.m in Sources */ = {isa = PBXBuildFile; fileRef = 2DB661122D3E0C2D008EDEBC /* FUMakeupModel.m */; };
		2DB661882D3E0C2D008EDEBC /* FUBeautySkinView.m in Sources */ = {isa = PBXBuildFile; fileRef = 2DB661542D3E0C2D008EDEBC /* FUBeautySkinView.m */; };
		2DB661892D3E0C2D008EDEBC /* FUBodyModel.m in Sources */ = {isa = PBXBuildFile; fileRef = 2DB661102D3E0C2D008EDEBC /* FUBodyModel.m */; };
		2DB6618A2D3E0C2D008EDEBC /* beauty_shape.json in Resources */ = {isa = PBXBuildFile; fileRef = 2DB661192D3E0C2D008EDEBC /* beauty_shape.json */; };
		2DB6618B2D3E0C2D008EDEBC /* rose.bundle in Resources */ = {isa = PBXBuildFile; fileRef = 2DB661282D3E0C2D008EDEBC /* rose.bundle */; };
		2DB6618C2D3E0C2D008EDEBC /* fashi.bundle in Resources */ = {isa = PBXBuildFile; fileRef = 2DB661312D3E0C2D008EDEBC /* fashi.bundle */; };
		2DB6618D2D3E0C2D008EDEBC /* sdlr.bundle in Resources */ = {isa = PBXBuildFile; fileRef = 2DB661322D3E0C2D008EDEBC /* sdlr.bundle */; };
		2DB6618E2D3E0C2D008EDEBC /* FaceUnity.xcassets in Resources */ = {isa = PBXBuildFile; fileRef = 2DB661392D3E0C2D008EDEBC /* FaceUnity.xcassets */; };
		2DB6618F2D3E0C2D008EDEBC /* beauty_skin.json in Resources */ = {isa = PBXBuildFile; fileRef = 2DB6611A2D3E0C2D008EDEBC /* beauty_skin.json */; };
		2DB661902D3E0C2D008EDEBC /* chaomo.bundle in Resources */ = {isa = PBXBuildFile; fileRef = 2DB6611C2D3E0C2D008EDEBC /* chaomo.bundle */; };
		2DB661912D3E0C2D008EDEBC /* renyu.bundle in Resources */ = {isa = PBXBuildFile; fileRef = 2DB661272D3E0C2D008EDEBC /* renyu.bundle */; };
		2DB661922D3E0C2D008EDEBC /* oumei.bundle in Resources */ = {isa = PBXBuildFile; fileRef = 2DB661252D3E0C2D008EDEBC /* oumei.bundle */; };
		2DB661932D3E0C2D008EDEBC /* stickers.json in Resources */ = {isa = PBXBuildFile; fileRef = 2DB661342D3E0C2D008EDEBC /* stickers.json */; };
		2DB661942D3E0C2D008EDEBC /* qianzhihe.bundle in Resources */ = {isa = PBXBuildFile; fileRef = 2DB661262D3E0C2D008EDEBC /* qianzhihe.bundle */; };
		2DB661952D3E0C2D008EDEBC /* hongfeng.bundle in Resources */ = {isa = PBXBuildFile; fileRef = 2DB661212D3E0C2D008EDEBC /* hongfeng.bundle */; };
		2DB661962D3E0C2D008EDEBC /* shaonv.bundle in Resources */ = {isa = PBXBuildFile; fileRef = 2DB661292D3E0C2D008EDEBC /* shaonv.bundle */; };
		2DB661972D3E0C2D008EDEBC /* chuju.bundle in Resources */ = {isa = PBXBuildFile; fileRef = 2DB6611D2D3E0C2D008EDEBC /* chuju.bundle */; };
		2DB661982D3E0C2D008EDEBC /* linjia.bundle in Resources */ = {isa = PBXBuildFile; fileRef = 2DB661232D3E0C2D008EDEBC /* linjia.bundle */; };
		2DB661992D3E0C2D008EDEBC /* FaceUnity.strings in Resources */ = {isa = PBXBuildFile; fileRef = 2DB661382D3E0C2D008EDEBC /* FaceUnity.strings */; };
		2DB6619A2D3E0C2D008EDEBC /* wumei.bundle in Resources */ = {isa = PBXBuildFile; fileRef = 2DB6612B2D3E0C2D008EDEBC /* wumei.bundle */; };
		2DB6619B2D3E0C2D008EDEBC /* combination_makeups.json in Resources */ = {isa = PBXBuildFile; fileRef = 2DB6611F2D3E0C2D008EDEBC /* combination_makeups.json */; };
		2DB6619C2D3E0C2D008EDEBC /* tianmei.bundle in Resources */ = {isa = PBXBuildFile; fileRef = 2DB6612A2D3E0C2D008EDEBC /* tianmei.bundle */; };
		2DB6619D2D3E0C2D008EDEBC /* xinggan.bundle in Resources */ = {isa = PBXBuildFile; fileRef = 2DB6612C2D3E0C2D008EDEBC /* xinggan.bundle */; };
		2DB6619E2D3E0C2D008EDEBC /* gangfeng.bundle in Resources */ = {isa = PBXBuildFile; fileRef = 2DB661202D3E0C2D008EDEBC /* gangfeng.bundle */; };
		2DB6619F2D3E0C2D008EDEBC /* CatSparks.bundle in Resources */ = {isa = PBXBuildFile; fileRef = 2DB661302D3E0C2D008EDEBC /* CatSparks.bundle */; };
		2DB661A02D3E0C2D008EDEBC /* chuqiu.bundle in Resources */ = {isa = PBXBuildFile; fileRef = 2DB6611E2D3E0C2D008EDEBC /* chuqiu.bundle */; };
		2DB661A12D3E0C2D008EDEBC /* nuandong.bundle in Resources */ = {isa = PBXBuildFile; fileRef = 2DB661242D3E0C2D008EDEBC /* nuandong.bundle */; };
		2DB661A22D3E0C2D008EDEBC /* beauty_filter.json in Resources */ = {isa = PBXBuildFile; fileRef = 2DB661182D3E0C2D008EDEBC /* beauty_filter.json */; };
		2DB661A32D3E0C2D008EDEBC /* body.json in Resources */ = {isa = PBXBuildFile; fileRef = 2DB661162D3E0C2D008EDEBC /* body.json */; };
		2DB661A42D3E0C2D008EDEBC /* yanshimao.bundle in Resources */ = {isa = PBXBuildFile; fileRef = 2DB6612D2D3E0C2D008EDEBC /* yanshimao.bundle */; };
		2DB661A52D3E0C2D008EDEBC /* jianling.bundle in Resources */ = {isa = PBXBuildFile; fileRef = 2DB661222D3E0C2D008EDEBC /* jianling.bundle */; };
		2DB661A62D3E0C2D008EDEBC /* sdlu.bundle in Resources */ = {isa = PBXBuildFile; fileRef = 2DB661332D3E0C2D008EDEBC /* sdlu.bundle */; };
		2DB661A72D3E0C2D008EDEBC /* ziyun.bundle in Resources */ = {isa = PBXBuildFile; fileRef = 2DB6612E2D3E0C2D008EDEBC /* ziyun.bundle */; };
		2DCBF9612D42413C0094D7D9 /* armeshv2.bundle in Resources */ = {isa = PBXBuildFile; fileRef = 2DCBF9542D42413C0094D7D9 /* armeshv2.bundle */; };
		2DCBF9622D42413C0094D7D9 /* controller_cpp.bundle in Resources */ = {isa = PBXBuildFile; fileRef = 2DCBF9562D42413C0094D7D9 /* controller_cpp.bundle */; };
		2DCBF9632D42413C0094D7D9 /* ai_human_processor.bundle in Resources */ = {isa = PBXBuildFile; fileRef = 2DCBF95F2D42413C0094D7D9 /* ai_human_processor.bundle */; };
		2DCBF9642D42413C0094D7D9 /* fuzzytoonfilter.bundle in Resources */ = {isa = PBXBuildFile; fileRef = 2DCBF9592D42413C0094D7D9 /* fuzzytoonfilter.bundle */; };
		2DCBF9652D42413C0094D7D9 /* ai_hand_processor.bundle in Resources */ = {isa = PBXBuildFile; fileRef = 2DCBF95E2D42413C0094D7D9 /* ai_hand_processor.bundle */; };
		2DCBF9662D42413C0094D7D9 /* ai_face_processor.bundle in Resources */ = {isa = PBXBuildFile; fileRef = 2DCBF95D2D42413C0094D7D9 /* ai_face_processor.bundle */; };
		2DCBF9672D42413C0094D7D9 /* aitype.bundle in Resources */ = {isa = PBXBuildFile; fileRef = 2DCBF9532D42413C0094D7D9 /* aitype.bundle */; };
		2DCBF9682D42413C0094D7D9 /* face_makeup.bundle in Resources */ = {isa = PBXBuildFile; fileRef = 2DCBF9582D42413C0094D7D9 /* face_makeup.bundle */; };
		2DCBF9692D42413C0094D7D9 /* fxaa.bundle in Resources */ = {isa = PBXBuildFile; fileRef = 2DCBF95A2D42413C0094D7D9 /* fxaa.bundle */; };
		2DCBF96A2D42413C0094D7D9 /* tongue.bundle in Resources */ = {isa = PBXBuildFile; fileRef = 2DCBF95B2D42413C0094D7D9 /* tongue.bundle */; };
		2DCBF96B2D42413C0094D7D9 /* face_beautification.bundle in Resources */ = {isa = PBXBuildFile; fileRef = 2DCBF9572D42413C0094D7D9 /* face_beautification.bundle */; };
		2DCBF96C2D42413C0094D7D9 /* body_slim.bundle in Resources */ = {isa = PBXBuildFile; fileRef = 2DCBF9552D42413C0094D7D9 /* body_slim.bundle */; };
		2DCBF96D2D4241E00094D7D9 /* FURenderKit.framework in Frameworks */ = {isa = PBXBuildFile; fileRef = 2DCBF9512D42410D0094D7D9 /* FURenderKit.framework */; };
		2DCBF96E2D4241E00094D7D9 /* FURenderKit.framework in Embed Frameworks */ = {isa = PBXBuildFile; fileRef = 2DCBF9512D42410D0094D7D9 /* FURenderKit.framework */; settings = {ATTRIBUTES = (CodeSignOnCopy, RemoveHeadersOnCopy, ); }; };
		419DA0B624D7EDF90001A561 /* NETSDemoP2PViewController.m in Sources */ = {isa = PBXBuildFile; fileRef = 419DA0A624D7EDF90001A561 /* NETSDemoP2PViewController.m */; };
		419DA0B724D7EDF90001A561 /* NETSDemoViewController.m in Sources */ = {isa = PBXBuildFile; fileRef = 419DA0A724D7EDF90001A561 /* NETSDemoViewController.m */; };
		419DA0B824D7EDF90001A561 /* Assets.xcassets in Resources */ = {isa = PBXBuildFile; fileRef = 419DA0A824D7EDF90001A561 /* Assets.xcassets */; };
		419DA0B924D7EDF90001A561 /* NETSAppDelegate.m in Sources */ = {isa = PBXBuildFile; fileRef = 419DA0A924D7EDF90001A561 /* NETSAppDelegate.m */; };
		419DA0BA24D7EDF90001A561 /* LaunchScreen.storyboard in Resources */ = {isa = PBXBuildFile; fileRef = 419DA0AA24D7EDF90001A561 /* LaunchScreen.storyboard */; };
		419DA0BB24D7EDF90001A561 /* Main.storyboard in Resources */ = {isa = PBXBuildFile; fileRef = 419DA0AC24D7EDF90001A561 /* Main.storyboard */; };
		419DA0BC24D7EDF90001A561 /* NTESDemoUserModel.m in Sources */ = {isa = PBXBuildFile; fileRef = 419DA0B024D7EDF90001A561 /* NTESDemoUserModel.m */; };
		419DA0BD24D7EDF90001A561 /* main.m in Sources */ = {isa = PBXBuildFile; fileRef = 419DA0B124D7EDF90001A561 /* main.m */; };
		BFB46F3C30C2796652B24AD1 /* libPods-NERTC1to1Sample.a in Frameworks */ = {isa = PBXBuildFile; fileRef = C5F1F68F905A31BF2037DEF2 /* libPods-NERTC1to1Sample.a */; };
/* End PBXBuildFile section */

/* Begin PBXCopyFilesBuildPhase section */
		2D0D36D1265202CF00D94214 /* Embed Frameworks */ = {
			isa = PBXCopyFilesBuildPhase;
			buildActionMask = 2147483647;
			dstPath = "";
			dstSubfolderSpec = 10;
			files = (
				2DCBF96E2D4241E00094D7D9 /* FURenderKit.framework in Embed Frameworks */,
			);
			name = "Embed Frameworks";
			runOnlyForDeploymentPostprocessing = 0;
		};
/* End PBXCopyFilesBuildPhase section */

/* Begin PBXFileReference section */
		2D584BE32D38DFBA002CB80C /* authpack.h */ = {isa = PBXFileReference; lastKnownFileType = sourcecode.c.h; path = authpack.h; sourceTree = "<group>"; };
		2D9AA17E25490CEF00182898 /* CoreML.framework */ = {isa = PBXFileReference; lastKnownFileType = wrapper.framework; name = CoreML.framework; path = System/Library/Frameworks/CoreML.framework; sourceTree = SDKROOT; };
		2DB661092D3E0C2D008EDEBC /* FUBeautyFilterModel.h */ = {isa = PBXFileReference; lastKnownFileType = sourcecode.c.h; path = FUBeautyFilterModel.h; sourceTree = "<group>"; };
		2DB6610A2D3E0C2D008EDEBC /* FUBeautyFilterModel.m */ = {isa = PBXFileReference; lastKnownFileType = sourcecode.c.objc; path = FUBeautyFilterModel.m; sourceTree = "<group>"; };
		2DB6610B2D3E0C2D008EDEBC /* FUBeautyShapeModel.h */ = {isa = PBXFileReference; lastKnownFileType = sourcecode.c.h; path = FUBeautyShapeModel.h; sourceTree = "<group>"; };
		2DB6610C2D3E0C2D008EDEBC /* FUBeautyShapeModel.m */ = {isa = PBXFileReference; lastKnownFileType = sourcecode.c.objc; path = FUBeautyShapeModel.m; sourceTree = "<group>"; };
		2DB6610D2D3E0C2D008EDEBC /* FUBeautySkinModel.h */ = {isa = PBXFileReference; lastKnownFileType = sourcecode.c.h; path = FUBeautySkinModel.h; sourceTree = "<group>"; };
		2DB6610E2D3E0C2D008EDEBC /* FUBeautySkinModel.m */ = {isa = PBXFileReference; lastKnownFileType = sourcecode.c.objc; path = FUBeautySkinModel.m; sourceTree = "<group>"; };
		2DB6610F2D3E0C2D008EDEBC /* FUBodyModel.h */ = {isa = PBXFileReference; lastKnownFileType = sourcecode.c.h; path = FUBodyModel.h; sourceTree = "<group>"; };
		2DB661102D3E0C2D008EDEBC /* FUBodyModel.m */ = {isa = PBXFileReference; lastKnownFileType = sourcecode.c.objc; path = FUBodyModel.m; sourceTree = "<group>"; };
		2DB661112D3E0C2D008EDEBC /* FUMakeupModel.h */ = {isa = PBXFileReference; lastKnownFileType = sourcecode.c.h; path = FUMakeupModel.h; sourceTree = "<group>"; };
		2DB661122D3E0C2D008EDEBC /* FUMakeupModel.m */ = {isa = PBXFileReference; lastKnownFileType = sourcecode.c.objc; path = FUMakeupModel.m; sourceTree = "<group>"; };
		2DB661132D3E0C2D008EDEBC /* FUStickerModel.h */ = {isa = PBXFileReference; lastKnownFileType = sourcecode.c.h; path = FUStickerModel.h; sourceTree = "<group>"; };
		2DB661142D3E0C2D008EDEBC /* FUStickerModel.m */ = {isa = PBXFileReference; lastKnownFileType = sourcecode.c.objc; path = FUStickerModel.m; sourceTree = "<group>"; };
		2DB661162D3E0C2D008EDEBC /* body.json */ = {isa = PBXFileReference; lastKnownFileType = text.json; path = body.json; sourceTree = "<group>"; };
		2DB661182D3E0C2D008EDEBC /* beauty_filter.json */ = {isa = PBXFileReference; lastKnownFileType = text.json; path = beauty_filter.json; sourceTree = "<group>"; };
		2DB661192D3E0C2D008EDEBC /* beauty_shape.json */ = {isa = PBXFileReference; lastKnownFileType = text.json; path = beauty_shape.json; sourceTree = "<group>"; };
		2DB6611A2D3E0C2D008EDEBC /* beauty_skin.json */ = {isa = PBXFileReference; lastKnownFileType = text.json; path = beauty_skin.json; sourceTree = "<group>"; };
		2DB6611C2D3E0C2D008EDEBC /* chaomo.bundle */ = {isa = PBXFileReference; lastKnownFileType = file; path = chaomo.bundle; sourceTree = "<group>"; };
		2DB6611D2D3E0C2D008EDEBC /* chuju.bundle */ = {isa = PBXFileReference; lastKnownFileType = file; path = chuju.bundle; sourceTree = "<group>"; };
		2DB6611E2D3E0C2D008EDEBC /* chuqiu.bundle */ = {isa = PBXFileReference; lastKnownFileType = file; path = chuqiu.bundle; sourceTree = "<group>"; };
		2DB6611F2D3E0C2D008EDEBC /* combination_makeups.json */ = {isa = PBXFileReference; lastKnownFileType = text.json; path = combination_makeups.json; sourceTree = "<group>"; };
		2DB661202D3E0C2D008EDEBC /* gangfeng.bundle */ = {isa = PBXFileReference; lastKnownFileType = file; path = gangfeng.bundle; sourceTree = "<group>"; };
		2DB661212D3E0C2D008EDEBC /* hongfeng.bundle */ = {isa = PBXFileReference; lastKnownFileType = file; path = hongfeng.bundle; sourceTree = "<group>"; };
		2DB661222D3E0C2D008EDEBC /* jianling.bundle */ = {isa = PBXFileReference; lastKnownFileType = file; path = jianling.bundle; sourceTree = "<group>"; };
		2DB661232D3E0C2D008EDEBC /* linjia.bundle */ = {isa = PBXFileReference; lastKnownFileType = file; path = linjia.bundle; sourceTree = "<group>"; };
		2DB661242D3E0C2D008EDEBC /* nuandong.bundle */ = {isa = PBXFileReference; lastKnownFileType = file; path = nuandong.bundle; sourceTree = "<group>"; };
		2DB661252D3E0C2D008EDEBC /* oumei.bundle */ = {isa = PBXFileReference; lastKnownFileType = file; path = oumei.bundle; sourceTree = "<group>"; };
		2DB661262D3E0C2D008EDEBC /* qianzhihe.bundle */ = {isa = PBXFileReference; lastKnownFileType = file; path = qianzhihe.bundle; sourceTree = "<group>"; };
		2DB661272D3E0C2D008EDEBC /* renyu.bundle */ = {isa = PBXFileReference; lastKnownFileType = file; path = renyu.bundle; sourceTree = "<group>"; };
		2DB661282D3E0C2D008EDEBC /* rose.bundle */ = {isa = PBXFileReference; lastKnownFileType = file; path = rose.bundle; sourceTree = "<group>"; };
		2DB661292D3E0C2D008EDEBC /* shaonv.bundle */ = {isa = PBXFileReference; lastKnownFileType = file; path = shaonv.bundle; sourceTree = "<group>"; };
		2DB6612A2D3E0C2D008EDEBC /* tianmei.bundle */ = {isa = PBXFileReference; lastKnownFileType = file; path = tianmei.bundle; sourceTree = "<group>"; };
		2DB6612B2D3E0C2D008EDEBC /* wumei.bundle */ = {isa = PBXFileReference; lastKnownFileType = file; path = wumei.bundle; sourceTree = "<group>"; };
		2DB6612C2D3E0C2D008EDEBC /* xinggan.bundle */ = {isa = PBXFileReference; lastKnownFileType = file; path = xinggan.bundle; sourceTree = "<group>"; };
		2DB6612D2D3E0C2D008EDEBC /* yanshimao.bundle */ = {isa = PBXFileReference; lastKnownFileType = file; path = yanshimao.bundle; sourceTree = "<group>"; };
		2DB6612E2D3E0C2D008EDEBC /* ziyun.bundle */ = {isa = PBXFileReference; lastKnownFileType = file; path = ziyun.bundle; sourceTree = "<group>"; };
		2DB661302D3E0C2D008EDEBC /* CatSparks.bundle */ = {isa = PBXFileReference; lastKnownFileType = file; path = CatSparks.bundle; sourceTree = "<group>"; };
		2DB661312D3E0C2D008EDEBC /* fashi.bundle */ = {isa = PBXFileReference; lastKnownFileType = file; path = fashi.bundle; sourceTree = "<group>"; };
		2DB661322D3E0C2D008EDEBC /* sdlr.bundle */ = {isa = PBXFileReference; lastKnownFileType = file; path = sdlr.bundle; sourceTree = "<group>"; };
		2DB661332D3E0C2D008EDEBC /* sdlu.bundle */ = {isa = PBXFileReference; lastKnownFileType = file; path = sdlu.bundle; sourceTree = "<group>"; };
		2DB661342D3E0C2D008EDEBC /* stickers.json */ = {isa = PBXFileReference; lastKnownFileType = text.json; path = stickers.json; sourceTree = "<group>"; };
		2DB661362D3E0C2D008EDEBC /* en */ = {isa = PBXFileReference; lastKnownFileType = text.plist.strings; name = en; path = en.lproj/FaceUnity.strings; sourceTree = "<group>"; };
		2DB661372D3E0C2D008EDEBC /* zh-Hans */ = {isa = PBXFileReference; lastKnownFileType = text.plist.strings; name = "zh-Hans"; path = "zh-Hans.lproj/FaceUnity.strings"; sourceTree = "<group>"; };
		2DB661392D3E0C2D008EDEBC /* FaceUnity.xcassets */ = {isa = PBXFileReference; lastKnownFileType = folder.assetcatalog; path = FaceUnity.xcassets; sourceTree = "<group>"; };
		2DB6613B2D3E0C2D008EDEBC /* FUAlertController.h */ = {isa = PBXFileReference; lastKnownFileType = sourcecode.c.h; path = FUAlertController.h; sourceTree = "<group>"; };
		2DB6613C2D3E0C2D008EDEBC /* FUAlertController.m */ = {isa = PBXFileReference; lastKnownFileType = sourcecode.c.objc; path = FUAlertController.m; sourceTree = "<group>"; };
		2DB6613D2D3E0C2D008EDEBC /* FUAlertManager.h */ = {isa = PBXFileReference; lastKnownFileType = sourcecode.c.h; path = FUAlertManager.h; sourceTree = "<group>"; };
		2DB6613E2D3E0C2D008EDEBC /* FUAlertManager.m */ = {isa = PBXFileReference; lastKnownFileType = sourcecode.c.objc; path = FUAlertManager.m; sourceTree = "<group>"; };
		2DB661402D3E0C2D008EDEBC /* FUInsetsLabel.h */ = {isa = PBXFileReference; lastKnownFileType = sourcecode.c.h; path = FUInsetsLabel.h; sourceTree = "<group>"; };
		2DB661412D3E0C2D008EDEBC /* FUInsetsLabel.m */ = {isa = PBXFileReference; lastKnownFileType = sourcecode.c.objc; path = FUInsetsLabel.m; sourceTree = "<group>"; };
		2DB661432D3E0C2D008EDEBC /* FUSegmentBar.h */ = {isa = PBXFileReference; lastKnownFileType = sourcecode.c.h; path = FUSegmentBar.h; sourceTree = "<group>"; };
		2DB661442D3E0C2D008EDEBC /* FUSegmentBar.m */ = {isa = PBXFileReference; lastKnownFileType = sourcecode.c.objc; path = FUSegmentBar.m; sourceTree = "<group>"; };
		2DB661462D3E0C2D008EDEBC /* FUSlider.h */ = {isa = PBXFileReference; lastKnownFileType = sourcecode.c.h; path = FUSlider.h; sourceTree = "<group>"; };
		2DB661472D3E0C2D008EDEBC /* FUSlider.m */ = {isa = PBXFileReference; lastKnownFileType = sourcecode.c.objc; path = FUSlider.m; sourceTree = "<group>"; };
		2DB661492D3E0C2D008EDEBC /* FUSquareButton.h */ = {isa = PBXFileReference; lastKnownFileType = sourcecode.c.h; path = FUSquareButton.h; sourceTree = "<group>"; };
		2DB6614A2D3E0C2D008EDEBC /* FUSquareButton.m */ = {isa = PBXFileReference; lastKnownFileType = sourcecode.c.objc; path = FUSquareButton.m; sourceTree = "<group>"; };
		2DB6614C2D3E0C2D008EDEBC /* FUTipHUD.h */ = {isa = PBXFileReference; lastKnownFileType = sourcecode.c.h; path = FUTipHUD.h; sourceTree = "<group>"; };
		2DB6614D2D3E0C2D008EDEBC /* FUTipHUD.m */ = {isa = PBXFileReference; lastKnownFileType = sourcecode.c.objc; path = FUTipHUD.m; sourceTree = "<group>"; };
		2DB6614F2D3E0C2D008EDEBC /* FUBeautyFilterView.h */ = {isa = PBXFileReference; lastKnownFileType = sourcecode.c.h; path = FUBeautyFilterView.h; sourceTree = "<group>"; };
		2DB661502D3E0C2D008EDEBC /* FUBeautyFilterView.m */ = {isa = PBXFileReference; lastKnownFileType = sourcecode.c.objc; path = FUBeautyFilterView.m; sourceTree = "<group>"; };
		2DB661512D3E0C2D008EDEBC /* FUBeautyShapeView.h */ = {isa = PBXFileReference; lastKnownFileType = sourcecode.c.h; path = FUBeautyShapeView.h; sourceTree = "<group>"; };
		2DB661522D3E0C2D008EDEBC /* FUBeautyShapeView.m */ = {isa = PBXFileReference; lastKnownFileType = sourcecode.c.objc; path = FUBeautyShapeView.m; sourceTree = "<group>"; };
		2DB661532D3E0C2D008EDEBC /* FUBeautySkinView.h */ = {isa = PBXFileReference; lastKnownFileType = sourcecode.c.h; path = FUBeautySkinView.h; sourceTree = "<group>"; };
		2DB661542D3E0C2D008EDEBC /* FUBeautySkinView.m */ = {isa = PBXFileReference; lastKnownFileType = sourcecode.c.objc; path = FUBeautySkinView.m; sourceTree = "<group>"; };
		2DB661552D3E0C2D008EDEBC /* FUBodyView.h */ = {isa = PBXFileReference; lastKnownFileType = sourcecode.c.h; path = FUBodyView.h; sourceTree = "<group>"; };
		2DB661562D3E0C2D008EDEBC /* FUBodyView.m */ = {isa = PBXFileReference; lastKnownFileType = sourcecode.c.objc; path = FUBodyView.m; sourceTree = "<group>"; };
		2DB661572D3E0C2D008EDEBC /* FUMakeupView.h */ = {isa = PBXFileReference; lastKnownFileType = sourcecode.c.h; path = FUMakeupView.h; sourceTree = "<group>"; };
		2DB661582D3E0C2D008EDEBC /* FUMakeupView.m */ = {isa = PBXFileReference; lastKnownFileType = sourcecode.c.objc; path = FUMakeupView.m; sourceTree = "<group>"; };
		2DB661592D3E0C2D008EDEBC /* FUStickerView.h */ = {isa = PBXFileReference; lastKnownFileType = sourcecode.c.h; path = FUStickerView.h; sourceTree = "<group>"; };
		2DB6615A2D3E0C2D008EDEBC /* FUStickerView.m */ = {isa = PBXFileReference; lastKnownFileType = sourcecode.c.objc; path = FUStickerView.m; sourceTree = "<group>"; };
		2DB6615C2D3E0C2D008EDEBC /* FUBeautyFilterViewModel.h */ = {isa = PBXFileReference; lastKnownFileType = sourcecode.c.h; path = FUBeautyFilterViewModel.h; sourceTree = "<group>"; };
		2DB6615D2D3E0C2D008EDEBC /* FUBeautyFilterViewModel.m */ = {isa = PBXFileReference; lastKnownFileType = sourcecode.c.objc; path = FUBeautyFilterViewModel.m; sourceTree = "<group>"; };
		2DB6615E2D3E0C2D008EDEBC /* FUBeautyShapeViewModel.h */ = {isa = PBXFileReference; lastKnownFileType = sourcecode.c.h; path = FUBeautyShapeViewModel.h; sourceTree = "<group>"; };
		2DB6615F2D3E0C2D008EDEBC /* FUBeautyShapeViewModel.m */ = {isa = PBXFileReference; lastKnownFileType = sourcecode.c.objc; path = FUBeautyShapeViewModel.m; sourceTree = "<group>"; };
		2DB661602D3E0C2D008EDEBC /* FUBeautySkinViewModel.h */ = {isa = PBXFileReference; lastKnownFileType = sourcecode.c.h; path = FUBeautySkinViewModel.h; sourceTree = "<group>"; };
		2DB661612D3E0C2D008EDEBC /* FUBeautySkinViewModel.m */ = {isa = PBXFileReference; lastKnownFileType = sourcecode.c.objc; path = FUBeautySkinViewModel.m; sourceTree = "<group>"; };
		2DB661622D3E0C2D008EDEBC /* FUBodyViewModel.h */ = {isa = PBXFileReference; lastKnownFileType = sourcecode.c.h; path = FUBodyViewModel.h; sourceTree = "<group>"; };
		2DB661632D3E0C2D008EDEBC /* FUBodyViewModel.m */ = {isa = PBXFileReference; lastKnownFileType = sourcecode.c.objc; path = FUBodyViewModel.m; sourceTree = "<group>"; };
		2DB661642D3E0C2D008EDEBC /* FUMakeupViewModel.h */ = {isa = PBXFileReference; lastKnownFileType = sourcecode.c.h; path = FUMakeupViewModel.h; sourceTree = "<group>"; };
		2DB661652D3E0C2D008EDEBC /* FUMakeupViewModel.m */ = {isa = PBXFileReference; lastKnownFileType = sourcecode.c.objc; path = FUMakeupViewModel.m; sourceTree = "<group>"; };
		2DB661662D3E0C2D008EDEBC /* FUStickerViewModel.h */ = {isa = PBXFileReference; lastKnownFileType = sourcecode.c.h; path = FUStickerViewModel.h; sourceTree = "<group>"; };
		2DB661672D3E0C2D008EDEBC /* FUStickerViewModel.m */ = {isa = PBXFileReference; lastKnownFileType = sourcecode.c.objc; path = FUStickerViewModel.m; sourceTree = "<group>"; };
		2DB661692D3E0C2D008EDEBC /* FUDefines.h */ = {isa = PBXFileReference; lastKnownFileType = sourcecode.c.h; path = FUDefines.h; sourceTree = "<group>"; };
		2DB6616A2D3E0C2D008EDEBC /* FUDemoManager.h */ = {isa = PBXFileReference; lastKnownFileType = sourcecode.c.h; path = FUDemoManager.h; sourceTree = "<group>"; };
		2DB6616B2D3E0C2D008EDEBC /* FUDemoManager.m */ = {isa = PBXFileReference; lastKnownFileType = sourcecode.c.objc; path = FUDemoManager.m; sourceTree = "<group>"; };
		2DB6616C2D3E0C2D008EDEBC /* FUTestRecorder.h */ = {isa = PBXFileReference; lastKnownFileType = sourcecode.c.h; path = FUTestRecorder.h; sourceTree = "<group>"; };
		2DB6616D2D3E0C2D008EDEBC /* FUTestRecorder.m */ = {isa = PBXFileReference; lastKnownFileType = sourcecode.c.objc; path = FUTestRecorder.m; sourceTree = "<group>"; };
		2DCBF9512D42410D0094D7D9 /* FURenderKit.framework */ = {isa = PBXFileReference; lastKnownFileType = wrapper.framework; path = FURenderKit.framework; sourceTree = "<group>"; };
		2DCBF9532D42413C0094D7D9 /* aitype.bundle */ = {isa = PBXFileReference; lastKnownFileType = file; path = aitype.bundle; sourceTree = "<group>"; };
		2DCBF9542D42413C0094D7D9 /* armeshv2.bundle */ = {isa = PBXFileReference; lastKnownFileType = file; path = armeshv2.bundle; sourceTree = "<group>"; };
		2DCBF9552D42413C0094D7D9 /* body_slim.bundle */ = {isa = PBXFileReference; lastKnownFileType = file; path = body_slim.bundle; sourceTree = "<group>"; };
		2DCBF9562D42413C0094D7D9 /* controller_cpp.bundle */ = {isa = PBXFileReference; lastKnownFileType = file; path = controller_cpp.bundle; sourceTree = "<group>"; };
		2DCBF9572D42413C0094D7D9 /* face_beautification.bundle */ = {isa = PBXFileReference; lastKnownFileType = file; path = face_beautification.bundle; sourceTree = "<group>"; };
		2DCBF9582D42413C0094D7D9 /* face_makeup.bundle */ = {isa = PBXFileReference; lastKnownFileType = file; path = face_makeup.bundle; sourceTree = "<group>"; };
		2DCBF9592D42413C0094D7D9 /* fuzzytoonfilter.bundle */ = {isa = PBXFileReference; lastKnownFileType = file; path = fuzzytoonfilter.bundle; sourceTree = "<group>"; };
		2DCBF95A2D42413C0094D7D9 /* fxaa.bundle */ = {isa = PBXFileReference; lastKnownFileType = file; path = fxaa.bundle; sourceTree = "<group>"; };
		2DCBF95B2D42413C0094D7D9 /* tongue.bundle */ = {isa = PBXFileReference; lastKnownFileType = file; path = tongue.bundle; sourceTree = "<group>"; };
		2DCBF95D2D42413C0094D7D9 /* ai_face_processor.bundle */ = {isa = PBXFileReference; lastKnownFileType = file; path = ai_face_processor.bundle; sourceTree = "<group>"; };
		2DCBF95E2D42413C0094D7D9 /* ai_hand_processor.bundle */ = {isa = PBXFileReference; lastKnownFileType = file; path = ai_hand_processor.bundle; sourceTree = "<group>"; };
		2DCBF95F2D42413C0094D7D9 /* ai_human_processor.bundle */ = {isa = PBXFileReference; lastKnownFileType = file; path = ai_human_processor.bundle; sourceTree = "<group>"; };
		419DA0A424D7EDF90001A561 /* NTESDemoUserModel.h */ = {isa = PBXFileReference; fileEncoding = 4; lastKnownFileType = sourcecode.c.h; path = NTESDemoUserModel.h; sourceTree = "<group>"; };
		419DA0A624D7EDF90001A561 /* NETSDemoP2PViewController.m */ = {isa = PBXFileReference; fileEncoding = 4; lastKnownFileType = sourcecode.c.objc; path = NETSDemoP2PViewController.m; sourceTree = "<group>"; };
		419DA0A724D7EDF90001A561 /* NETSDemoViewController.m */ = {isa = PBXFileReference; fileEncoding = 4; lastKnownFileType = sourcecode.c.objc; path = NETSDemoViewController.m; sourceTree = "<group>"; };
		419DA0A824D7EDF90001A561 /* Assets.xcassets */ = {isa = PBXFileReference; lastKnownFileType = folder.assetcatalog; path = Assets.xcassets; sourceTree = "<group>"; };
		419DA0A924D7EDF90001A561 /* NETSAppDelegate.m */ = {isa = PBXFileReference; fileEncoding = 4; lastKnownFileType = sourcecode.c.objc; path = NETSAppDelegate.m; sourceTree = "<group>"; };
		419DA0AB24D7EDF90001A561 /* Base */ = {isa = PBXFileReference; lastKnownFileType = file.storyboard; name = Base; path = Base.lproj/LaunchScreen.storyboard; sourceTree = "<group>"; };
		419DA0AD24D7EDF90001A561 /* Base */ = {isa = PBXFileReference; lastKnownFileType = file.storyboard; name = Base; path = Base.lproj/Main.storyboard; sourceTree = "<group>"; };
		419DA0AE24D7EDF90001A561 /* AppKey.h */ = {isa = PBXFileReference; fileEncoding = 4; lastKnownFileType = sourcecode.c.h; path = AppKey.h; sourceTree = "<group>"; };
		419DA0AF24D7EDF90001A561 /* NETSDemoP2PViewController.h */ = {isa = PBXFileReference; fileEncoding = 4; lastKnownFileType = sourcecode.c.h; path = NETSDemoP2PViewController.h; sourceTree = "<group>"; };
		419DA0B024D7EDF90001A561 /* NTESDemoUserModel.m */ = {isa = PBXFileReference; fileEncoding = 4; lastKnownFileType = sourcecode.c.objc; path = NTESDemoUserModel.m; sourceTree = "<group>"; };
		419DA0B124D7EDF90001A561 /* main.m */ = {isa = PBXFileReference; fileEncoding = 4; lastKnownFileType = sourcecode.c.objc; path = main.m; sourceTree = "<group>"; };
		419DA0B224D7EDF90001A561 /* NETSDemoViewController.h */ = {isa = PBXFileReference; fileEncoding = 4; lastKnownFileType = sourcecode.c.h; path = NETSDemoViewController.h; sourceTree = "<group>"; };
		419DA0B324D7EDF90001A561 /* NETSAppDelegate.h */ = {isa = PBXFileReference; fileEncoding = 4; lastKnownFileType = sourcecode.c.h; path = NETSAppDelegate.h; sourceTree = "<group>"; };
		419DA0B424D7EDF90001A561 /* Info.plist */ = {isa = PBXFileReference; fileEncoding = 4; lastKnownFileType = text.plist.xml; path = Info.plist; sourceTree = "<group>"; };
		48CFCBFC24C5766E002DE0CA /* NERTC1to1Sample.app */ = {isa = PBXFileReference; explicitFileType = wrapper.application; includeInIndex = 0; path = NERTC1to1Sample.app; sourceTree = BUILT_PRODUCTS_DIR; };
		9691D4D316DAB71FF86F6EA5 /* Pods-NERTC1to1Sample.release.xcconfig */ = {isa = PBXFileReference; includeInIndex = 1; lastKnownFileType = text.xcconfig; name = "Pods-NERTC1to1Sample.release.xcconfig"; path = "Target Support Files/Pods-NERTC1to1Sample/Pods-NERTC1to1Sample.release.xcconfig"; sourceTree = "<group>"; };
		C5F1F68F905A31BF2037DEF2 /* libPods-NERTC1to1Sample.a */ = {isa = PBXFileReference; explicitFileType = archive.ar; includeInIndex = 0; path = "libPods-NERTC1to1Sample.a"; sourceTree = BUILT_PRODUCTS_DIR; };
		D0E2629D65BDF2279CC68FF4 /* Pods_NERtcP2pSampleTests.framework */ = {isa = PBXFileReference; explicitFileType = wrapper.framework; includeInIndex = 0; path = Pods_NERtcP2pSampleTests.framework; sourceTree = BUILT_PRODUCTS_DIR; };
		FC5C3C8634B0AFCD6093380C /* Pods-NERTC1to1Sample.debug.xcconfig */ = {isa = PBXFileReference; includeInIndex = 1; lastKnownFileType = text.xcconfig; name = "Pods-NERTC1to1Sample.debug.xcconfig"; path = "Target Support Files/Pods-NERTC1to1Sample/Pods-NERTC1to1Sample.debug.xcconfig"; sourceTree = "<group>"; };
/* End PBXFileReference section */

/* Begin PBXFrameworksBuildPhase section */
		48CFCBF924C5766E002DE0CA /* Frameworks */ = {
			isa = PBXFrameworksBuildPhase;
			buildActionMask = 2147483647;
			files = (
				2D9AA17F25490CEF00182898 /* CoreML.framework in Frameworks */,
				BFB46F3C30C2796652B24AD1 /* libPods-NERTC1to1Sample.a in Frameworks */,
				2DCBF96D2D4241E00094D7D9 /* FURenderKit.framework in Frameworks */,
			);
			runOnlyForDeploymentPostprocessing = 0;
		};
/* End PBXFrameworksBuildPhase section */

/* Begin PBXGroup section */
		0417D8F3599AB5E8B5633296 /* Frameworks */ = {
			isa = PBXGroup;
			children = (
				2D9AA17E25490CEF00182898 /* CoreML.framework */,
				D0E2629D65BDF2279CC68FF4 /* Pods_NERtcP2pSampleTests.framework */,
				C5F1F68F905A31BF2037DEF2 /* libPods-NERTC1to1Sample.a */,
			);
			name = Frameworks;
			sourceTree = "<group>";
		};
		2D584BE42D38DFBA002CB80C /* FaceUnity */ = {
			isa = PBXGroup;
			children = (
				2DCBF95C2D42413C0094D7D9 /* graphics */,
				2DCBF9602D42413C0094D7D9 /* model */,
				2DCBF9512D42410D0094D7D9 /* FURenderKit.framework */,
				2DB6616E2D3E0C2D008EDEBC /* Demo */,
				2D584BE32D38DFBA002CB80C /* authpack.h */,
			);
			path = FaceUnity;
			sourceTree = "<group>";
		};
		2DB661152D3E0C2D008EDEBC /* Model */ = {
			isa = PBXGroup;
			children = (
				2DB661092D3E0C2D008EDEBC /* FUBeautyFilterModel.h */,
				2DB6610A2D3E0C2D008EDEBC /* FUBeautyFilterModel.m */,
				2DB6610B2D3E0C2D008EDEBC /* FUBeautyShapeModel.h */,
				2DB6610C2D3E0C2D008EDEBC /* FUBeautyShapeModel.m */,
				2DB6610D2D3E0C2D008EDEBC /* FUBeautySkinModel.h */,
				2DB6610E2D3E0C2D008EDEBC /* FUBeautySkinModel.m */,
				2DB6610F2D3E0C2D008EDEBC /* FUBodyModel.h */,
				2DB661102D3E0C2D008EDEBC /* FUBodyModel.m */,
				2DB661112D3E0C2D008EDEBC /* FUMakeupModel.h */,
				2DB661122D3E0C2D008EDEBC /* FUMakeupModel.m */,
				2DB661132D3E0C2D008EDEBC /* FUStickerModel.h */,
				2DB661142D3E0C2D008EDEBC /* FUStickerModel.m */,
			);
			path = Model;
			sourceTree = "<group>";
		};
		2DB661172D3E0C2D008EDEBC /* 美体 */ = {
			isa = PBXGroup;
			children = (
				2DB661162D3E0C2D008EDEBC /* body.json */,
			);
			path = "美体";
			sourceTree = "<group>";
		};
		2DB6611B2D3E0C2D008EDEBC /* 美颜 */ = {
			isa = PBXGroup;
			children = (
				2DB661182D3E0C2D008EDEBC /* beauty_filter.json */,
				2DB661192D3E0C2D008EDEBC /* beauty_shape.json */,
				2DB6611A2D3E0C2D008EDEBC /* beauty_skin.json */,
			);
			path = "美颜";
			sourceTree = "<group>";
		};
		2DB6612F2D3E0C2D008EDEBC /* 美妆 */ = {
			isa = PBXGroup;
			children = (
				2DB6611C2D3E0C2D008EDEBC /* chaomo.bundle */,
				2DB6611D2D3E0C2D008EDEBC /* chuju.bundle */,
				2DB6611E2D3E0C2D008EDEBC /* chuqiu.bundle */,
				2DB6611F2D3E0C2D008EDEBC /* combination_makeups.json */,
				2DB661202D3E0C2D008EDEBC /* gangfeng.bundle */,
				2DB661212D3E0C2D008EDEBC /* hongfeng.bundle */,
				2DB661222D3E0C2D008EDEBC /* jianling.bundle */,
				2DB661232D3E0C2D008EDEBC /* linjia.bundle */,
				2DB661242D3E0C2D008EDEBC /* nuandong.bundle */,
				2DB661252D3E0C2D008EDEBC /* oumei.bundle */,
				2DB661262D3E0C2D008EDEBC /* qianzhihe.bundle */,
				2DB661272D3E0C2D008EDEBC /* renyu.bundle */,
				2DB661282D3E0C2D008EDEBC /* rose.bundle */,
				2DB661292D3E0C2D008EDEBC /* shaonv.bundle */,
				2DB6612A2D3E0C2D008EDEBC /* tianmei.bundle */,
				2DB6612B2D3E0C2D008EDEBC /* wumei.bundle */,
				2DB6612C2D3E0C2D008EDEBC /* xinggan.bundle */,
				2DB6612D2D3E0C2D008EDEBC /* yanshimao.bundle */,
				2DB6612E2D3E0C2D008EDEBC /* ziyun.bundle */,
			);
			path = "美妆";
			sourceTree = "<group>";
		};
		2DB661352D3E0C2D008EDEBC /* 贴纸 */ = {
			isa = PBXGroup;
			children = (
				2DB661302D3E0C2D008EDEBC /* CatSparks.bundle */,
				2DB661312D3E0C2D008EDEBC /* fashi.bundle */,
				2DB661322D3E0C2D008EDEBC /* sdlr.bundle */,
				2DB661332D3E0C2D008EDEBC /* sdlu.bundle */,
				2DB661342D3E0C2D008EDEBC /* stickers.json */,
			);
			path = "贴纸";
			sourceTree = "<group>";
		};
		2DB6613A2D3E0C2D008EDEBC /* Resource */ = {
			isa = PBXGroup;
			children = (
				2DB661172D3E0C2D008EDEBC /* 美体 */,
				2DB6611B2D3E0C2D008EDEBC /* 美颜 */,
				2DB6612F2D3E0C2D008EDEBC /* 美妆 */,
				2DB661352D3E0C2D008EDEBC /* 贴纸 */,
				2DB661382D3E0C2D008EDEBC /* FaceUnity.strings */,
				2DB661392D3E0C2D008EDEBC /* FaceUnity.xcassets */,
			);
			path = Resource;
			sourceTree = "<group>";
		};
		2DB6613F2D3E0C2D008EDEBC /* FUAlert */ = {
			isa = PBXGroup;
			children = (
				2DB6613B2D3E0C2D008EDEBC /* FUAlertController.h */,
				2DB6613C2D3E0C2D008EDEBC /* FUAlertController.m */,
				2DB6613D2D3E0C2D008EDEBC /* FUAlertManager.h */,
				2DB6613E2D3E0C2D008EDEBC /* FUAlertManager.m */,
			);
			path = FUAlert;
			sourceTree = "<group>";
		};
		2DB661422D3E0C2D008EDEBC /* FUInsetsLabel */ = {
			isa = PBXGroup;
			children = (
				2DB661402D3E0C2D008EDEBC /* FUInsetsLabel.h */,
				2DB661412D3E0C2D008EDEBC /* FUInsetsLabel.m */,
			);
			path = FUInsetsLabel;
			sourceTree = "<group>";
		};
		2DB661452D3E0C2D008EDEBC /* FUSegmentBar */ = {
			isa = PBXGroup;
			children = (
				2DB661432D3E0C2D008EDEBC /* FUSegmentBar.h */,
				2DB661442D3E0C2D008EDEBC /* FUSegmentBar.m */,
			);
			path = FUSegmentBar;
			sourceTree = "<group>";
		};
		2DB661482D3E0C2D008EDEBC /* FUSlider */ = {
			isa = PBXGroup;
			children = (
				2DB661462D3E0C2D008EDEBC /* FUSlider.h */,
				2DB661472D3E0C2D008EDEBC /* FUSlider.m */,
			);
			path = FUSlider;
			sourceTree = "<group>";
		};
		2DB6614B2D3E0C2D008EDEBC /* FUSquareButton */ = {
			isa = PBXGroup;
			children = (
				2DB661492D3E0C2D008EDEBC /* FUSquareButton.h */,
				2DB6614A2D3E0C2D008EDEBC /* FUSquareButton.m */,
			);
			path = FUSquareButton;
			sourceTree = "<group>";
		};
		2DB6614E2D3E0C2D008EDEBC /* FUTipHUD */ = {
			isa = PBXGroup;
			children = (
				2DB6614C2D3E0C2D008EDEBC /* FUTipHUD.h */,
				2DB6614D2D3E0C2D008EDEBC /* FUTipHUD.m */,
			);
			path = FUTipHUD;
			sourceTree = "<group>";
		};
		2DB6615B2D3E0C2D008EDEBC /* View */ = {
			isa = PBXGroup;
			children = (
				2DB6613F2D3E0C2D008EDEBC /* FUAlert */,
				2DB661422D3E0C2D008EDEBC /* FUInsetsLabel */,
				2DB661452D3E0C2D008EDEBC /* FUSegmentBar */,
				2DB661482D3E0C2D008EDEBC /* FUSlider */,
				2DB6614B2D3E0C2D008EDEBC /* FUSquareButton */,
				2DB6614E2D3E0C2D008EDEBC /* FUTipHUD */,
				2DB6614F2D3E0C2D008EDEBC /* FUBeautyFilterView.h */,
				2DB661502D3E0C2D008EDEBC /* FUBeautyFilterView.m */,
				2DB661512D3E0C2D008EDEBC /* FUBeautyShapeView.h */,
				2DB661522D3E0C2D008EDEBC /* FUBeautyShapeView.m */,
				2DB661532D3E0C2D008EDEBC /* FUBeautySkinView.h */,
				2DB661542D3E0C2D008EDEBC /* FUBeautySkinView.m */,
				2DB661552D3E0C2D008EDEBC /* FUBodyView.h */,
				2DB661562D3E0C2D008EDEBC /* FUBodyView.m */,
				2DB661572D3E0C2D008EDEBC /* FUMakeupView.h */,
				2DB661582D3E0C2D008EDEBC /* FUMakeupView.m */,
				2DB661592D3E0C2D008EDEBC /* FUStickerView.h */,
				2DB6615A2D3E0C2D008EDEBC /* FUStickerView.m */,
			);
			path = View;
			sourceTree = "<group>";
		};
		2DB661682D3E0C2D008EDEBC /* ViewModel */ = {
			isa = PBXGroup;
			children = (
				2DB6615C2D3E0C2D008EDEBC /* FUBeautyFilterViewModel.h */,
				2DB6615D2D3E0C2D008EDEBC /* FUBeautyFilterViewModel.m */,
				2DB6615E2D3E0C2D008EDEBC /* FUBeautyShapeViewModel.h */,
				2DB6615F2D3E0C2D008EDEBC /* FUBeautyShapeViewModel.m */,
				2DB661602D3E0C2D008EDEBC /* FUBeautySkinViewModel.h */,
				2DB661612D3E0C2D008EDEBC /* FUBeautySkinViewModel.m */,
				2DB661622D3E0C2D008EDEBC /* FUBodyViewModel.h */,
				2DB661632D3E0C2D008EDEBC /* FUBodyViewModel.m */,
				2DB661642D3E0C2D008EDEBC /* FUMakeupViewModel.h */,
				2DB661652D3E0C2D008EDEBC /* FUMakeupViewModel.m */,
				2DB661662D3E0C2D008EDEBC /* FUStickerViewModel.h */,
				2DB661672D3E0C2D008EDEBC /* FUStickerViewModel.m */,
			);
			path = ViewModel;
			sourceTree = "<group>";
		};
		2DB6616E2D3E0C2D008EDEBC /* Demo */ = {
			isa = PBXGroup;
			children = (
				2DB661152D3E0C2D008EDEBC /* Model */,
				2DB6613A2D3E0C2D008EDEBC /* Resource */,
				2DB6615B2D3E0C2D008EDEBC /* View */,
				2DB661682D3E0C2D008EDEBC /* ViewModel */,
				2DB661692D3E0C2D008EDEBC /* FUDefines.h */,
				2DB6616A2D3E0C2D008EDEBC /* FUDemoManager.h */,
				2DB6616B2D3E0C2D008EDEBC /* FUDemoManager.m */,
				2DB6616C2D3E0C2D008EDEBC /* FUTestRecorder.h */,
				2DB6616D2D3E0C2D008EDEBC /* FUTestRecorder.m */,
			);
			path = Demo;
			sourceTree = "<group>";
		};
		2DCBF95C2D42413C0094D7D9 /* graphics */ = {
			isa = PBXGroup;
			children = (
				2DCBF9532D42413C0094D7D9 /* aitype.bundle */,
				2DCBF9542D42413C0094D7D9 /* armeshv2.bundle */,
				2DCBF9552D42413C0094D7D9 /* body_slim.bundle */,
				2DCBF9562D42413C0094D7D9 /* controller_cpp.bundle */,
				2DCBF9572D42413C0094D7D9 /* face_beautification.bundle */,
				2DCBF9582D42413C0094D7D9 /* face_makeup.bundle */,
				2DCBF9592D42413C0094D7D9 /* fuzzytoonfilter.bundle */,
				2DCBF95A2D42413C0094D7D9 /* fxaa.bundle */,
				2DCBF95B2D42413C0094D7D9 /* tongue.bundle */,
			);
			path = graphics;
			sourceTree = "<group>";
		};
		2DCBF9602D42413C0094D7D9 /* model */ = {
			isa = PBXGroup;
			children = (
				2DCBF95D2D42413C0094D7D9 /* ai_face_processor.bundle */,
				2DCBF95E2D42413C0094D7D9 /* ai_hand_processor.bundle */,
				2DCBF95F2D42413C0094D7D9 /* ai_human_processor.bundle */,
			);
			path = model;
			sourceTree = "<group>";
		};
		419DA0A324D7EDF90001A561 /* NERTC1to1Sample */ = {
			isa = PBXGroup;
			children = (
				2D584BE42D38DFBA002CB80C /* FaceUnity */,
				419DA0B324D7EDF90001A561 /* NETSAppDelegate.h */,
				419DA0A924D7EDF90001A561 /* NETSAppDelegate.m */,
				419DA0B224D7EDF90001A561 /* NETSDemoViewController.h */,
				419DA0A724D7EDF90001A561 /* NETSDemoViewController.m */,
				419DA0AF24D7EDF90001A561 /* NETSDemoP2PViewController.h */,
				419DA0A624D7EDF90001A561 /* NETSDemoP2PViewController.m */,
				419DA0A424D7EDF90001A561 /* NTESDemoUserModel.h */,
				419DA0B024D7EDF90001A561 /* NTESDemoUserModel.m */,
				419DA0AE24D7EDF90001A561 /* AppKey.h */,
				419DA0A824D7EDF90001A561 /* Assets.xcassets */,
				419DA0AA24D7EDF90001A561 /* LaunchScreen.storyboard */,
				419DA0AC24D7EDF90001A561 /* Main.storyboard */,
				419DA0B124D7EDF90001A561 /* main.m */,
				419DA0B424D7EDF90001A561 /* Info.plist */,
			);
			path = NERTC1to1Sample;
			sourceTree = "<group>";
		};
		48CFCBF324C5766E002DE0CA = {
			isa = PBXGroup;
			children = (
				419DA0A324D7EDF90001A561 /* NERTC1to1Sample */,
				48CFCBFD24C5766E002DE0CA /* Products */,
				8CA7108BC9A09D2DBB718569 /* Pods */,
				0417D8F3599AB5E8B5633296 /* Frameworks */,
			);
			sourceTree = "<group>";
		};
		48CFCBFD24C5766E002DE0CA /* Products */ = {
			isa = PBXGroup;
			children = (
				48CFCBFC24C5766E002DE0CA /* NERTC1to1Sample.app */,
			);
			name = Products;
			sourceTree = "<group>";
		};
		8CA7108BC9A09D2DBB718569 /* Pods */ = {
			isa = PBXGroup;
			children = (
				FC5C3C8634B0AFCD6093380C /* Pods-NERTC1to1Sample.debug.xcconfig */,
				9691D4D316DAB71FF86F6EA5 /* Pods-NERTC1to1Sample.release.xcconfig */,
			);
			path = Pods;
			sourceTree = "<group>";
		};
/* End PBXGroup section */

/* Begin PBXNativeTarget section */
		48CFCBFB24C5766E002DE0CA /* NERTC1to1Sample */ = {
			isa = PBXNativeTarget;
			buildConfigurationList = 48CFCC2024C57670002DE0CA /* Build configuration list for PBXNativeTarget "NERTC1to1Sample" */;
			buildPhases = (
				112561FC6395F37886CAF35C /* [CP] Check Pods Manifest.lock */,
				48CFCBF824C5766E002DE0CA /* Sources */,
				48CFCBF924C5766E002DE0CA /* Frameworks */,
				48CFCBFA24C5766E002DE0CA /* Resources */,
				224416CB89A37BC927D7977B /* [CP] Embed Pods Frameworks */,
				2D0D36D1265202CF00D94214 /* Embed Frameworks */,
			);
			buildRules = (
			);
			dependencies = (
			);
			name = NERTC1to1Sample;
			productName = NERtcP2pSample;
			productReference = 48CFCBFC24C5766E002DE0CA /* NERTC1to1Sample.app */;
			productType = "com.apple.product-type.application";
		};
/* End PBXNativeTarget section */

/* Begin PBXProject section */
		48CFCBF424C5766E002DE0CA /* Project object */ = {
			isa = PBXProject;
			attributes = {
				LastUpgradeCheck = 1160;
				ORGANIZATIONNAME = "丁文超";
				TargetAttributes = {
					48CFCBFB24C5766E002DE0CA = {
						CreatedOnToolsVersion = 11.6;
					};
				};
			};
			buildConfigurationList = 48CFCBF724C5766E002DE0CA /* Build configuration list for PBXProject "NERTC1to1Sample" */;
			compatibilityVersion = "Xcode 9.3";
			developmentRegion = en;
			hasScannedForEncodings = 0;
			knownRegions = (
				en,
				Base,
				"zh-Hans",
			);
			mainGroup = 48CFCBF324C5766E002DE0CA;
			productRefGroup = 48CFCBFD24C5766E002DE0CA /* Products */;
			projectDirPath = "";
			projectRoot = "";
			targets = (
				48CFCBFB24C5766E002DE0CA /* NERTC1to1Sample */,
			);
		};
/* End PBXProject section */

/* Begin PBXResourcesBuildPhase section */
		48CFCBFA24C5766E002DE0CA /* Resources */ = {
			isa = PBXResourcesBuildPhase;
			buildActionMask = 2147483647;
			files = (
				419DA0BA24D7EDF90001A561 /* LaunchScreen.storyboard in Resources */,
				419DA0B824D7EDF90001A561 /* Assets.xcassets in Resources */,
				2DB6618A2D3E0C2D008EDEBC /* beauty_shape.json in Resources */,
				2DB6618B2D3E0C2D008EDEBC /* rose.bundle in Resources */,
				2DB6618C2D3E0C2D008EDEBC /* fashi.bundle in Resources */,
				2DB6618D2D3E0C2D008EDEBC /* sdlr.bundle in Resources */,
				2DB6618E2D3E0C2D008EDEBC /* FaceUnity.xcassets in Resources */,
				2DB6618F2D3E0C2D008EDEBC /* beauty_skin.json in Resources */,
				2DB661902D3E0C2D008EDEBC /* chaomo.bundle in Resources */,
				2DB661912D3E0C2D008EDEBC /* renyu.bundle in Resources */,
				2DB661922D3E0C2D008EDEBC /* oumei.bundle in Resources */,
				2DB661932D3E0C2D008EDEBC /* stickers.json in Resources */,
				2DB661942D3E0C2D008EDEBC /* qianzhihe.bundle in Resources */,
				2DB661952D3E0C2D008EDEBC /* hongfeng.bundle in Resources */,
				2DB661962D3E0C2D008EDEBC /* shaonv.bundle in Resources */,
				2DB661972D3E0C2D008EDEBC /* chuju.bundle in Resources */,
				2DB661982D3E0C2D008EDEBC /* linjia.bundle in Resources */,
				2DB661992D3E0C2D008EDEBC /* FaceUnity.strings in Resources */,
				2DB6619A2D3E0C2D008EDEBC /* wumei.bundle in Resources */,
				2DB6619B2D3E0C2D008EDEBC /* combination_makeups.json in Resources */,
				2DB6619C2D3E0C2D008EDEBC /* tianmei.bundle in Resources */,
				2DB6619D2D3E0C2D008EDEBC /* xinggan.bundle in Resources */,
				2DB6619E2D3E0C2D008EDEBC /* gangfeng.bundle in Resources */,
				2DB6619F2D3E0C2D008EDEBC /* CatSparks.bundle in Resources */,
				2DB661A02D3E0C2D008EDEBC /* chuqiu.bundle in Resources */,
				2DB661A12D3E0C2D008EDEBC /* nuandong.bundle in Resources */,
				2DB661A22D3E0C2D008EDEBC /* beauty_filter.json in Resources */,
				2DB661A32D3E0C2D008EDEBC /* body.json in Resources */,
				2DB661A42D3E0C2D008EDEBC /* yanshimao.bundle in Resources */,
				2DCBF9612D42413C0094D7D9 /* armeshv2.bundle in Resources */,
				2DCBF9622D42413C0094D7D9 /* controller_cpp.bundle in Resources */,
				2DCBF9632D42413C0094D7D9 /* ai_human_processor.bundle in Resources */,
				2DCBF9642D42413C0094D7D9 /* fuzzytoonfilter.bundle in Resources */,
				2DCBF9652D42413C0094D7D9 /* ai_hand_processor.bundle in Resources */,
				2DCBF9662D42413C0094D7D9 /* ai_face_processor.bundle in Resources */,
				2DCBF9672D42413C0094D7D9 /* aitype.bundle in Resources */,
				2DCBF9682D42413C0094D7D9 /* face_makeup.bundle in Resources */,
				2DCBF9692D42413C0094D7D9 /* fxaa.bundle in Resources */,
				2DCBF96A2D42413C0094D7D9 /* tongue.bundle in Resources */,
				2DCBF96B2D42413C0094D7D9 /* face_beautification.bundle in Resources */,
				2DCBF96C2D42413C0094D7D9 /* body_slim.bundle in Resources */,
				2DB661A52D3E0C2D008EDEBC /* jianling.bundle in Resources */,
				2DB661A62D3E0C2D008EDEBC /* sdlu.bundle in Resources */,
				2DB661A72D3E0C2D008EDEBC /* ziyun.bundle in Resources */,
				419DA0BB24D7EDF90001A561 /* Main.storyboard in Resources */,
			);
			runOnlyForDeploymentPostprocessing = 0;
		};
/* End PBXResourcesBuildPhase section */

/* Begin PBXShellScriptBuildPhase section */
		112561FC6395F37886CAF35C /* [CP] Check Pods Manifest.lock */ = {
			isa = PBXShellScriptBuildPhase;
			buildActionMask = 2147483647;
			files = (
			);
			inputFileListPaths = (
			);
			inputPaths = (
				"${PODS_PODFILE_DIR_PATH}/Podfile.lock",
				"${PODS_ROOT}/Manifest.lock",
			);
			name = "[CP] Check Pods Manifest.lock";
			outputFileListPaths = (
			);
			outputPaths = (
				"$(DERIVED_FILE_DIR)/Pods-NERTC1to1Sample-checkManifestLockResult.txt",
			);
			runOnlyForDeploymentPostprocessing = 0;
			shellPath = /bin/sh;
			shellScript = "diff \"${PODS_PODFILE_DIR_PATH}/Podfile.lock\" \"${PODS_ROOT}/Manifest.lock\" > /dev/null\nif [ $? != 0 ] ; then\n    # print error to STDERR\n    echo \"error: The sandbox is not in sync with the Podfile.lock. Run 'pod install' or update your CocoaPods installation.\" >&2\n    exit 1\nfi\n# This output is used by Xcode 'outputs' to avoid re-running this script phase.\necho \"SUCCESS\" > \"${SCRIPT_OUTPUT_FILE_0}\"\n";
			showEnvVarsInLog = 0;
		};
		224416CB89A37BC927D7977B /* [CP] Embed Pods Frameworks */ = {
			isa = PBXShellScriptBuildPhase;
			buildActionMask = 2147483647;
			files = (
			);
			inputFileListPaths = (
				"${PODS_ROOT}/Target Support Files/Pods-NERTC1to1Sample/Pods-NERTC1to1Sample-frameworks-${CONFIGURATION}-input-files.xcfilelist",
			);
			name = "[CP] Embed Pods Frameworks";
			outputFileListPaths = (
				"${PODS_ROOT}/Target Support Files/Pods-NERTC1to1Sample/Pods-NERTC1to1Sample-frameworks-${CONFIGURATION}-output-files.xcfilelist",
			);
			runOnlyForDeploymentPostprocessing = 0;
			shellPath = /bin/sh;
			shellScript = "\"${PODS_ROOT}/Target Support Files/Pods-NERTC1to1Sample/Pods-NERTC1to1Sample-frameworks.sh\"\n";
			showEnvVarsInLog = 0;
		};
/* End PBXShellScriptBuildPhase section */

/* Begin PBXSourcesBuildPhase section */
		48CFCBF824C5766E002DE0CA /* Sources */ = {
			isa = PBXSourcesBuildPhase;
			buildActionMask = 2147483647;
			files = (
				419DA0BD24D7EDF90001A561 /* main.m in Sources */,
				419DA0B624D7EDF90001A561 /* NETSDemoP2PViewController.m in Sources */,
				419DA0BC24D7EDF90001A561 /* NTESDemoUserModel.m in Sources */,
				419DA0B924D7EDF90001A561 /* NETSAppDelegate.m in Sources */,
				2DB6616F2D3E0C2D008EDEBC /* FUBeautySkinViewModel.m in Sources */,
				2DB661702D3E0C2D008EDEBC /* FUMakeupViewModel.m in Sources */,
				2DB661712D3E0C2D008EDEBC /* FUTipHUD.m in Sources */,
				2DB661722D3E0C2D008EDEBC /* FUMakeupView.m in Sources */,
				2DB661732D3E0C2D008EDEBC /* FUInsetsLabel.m in Sources */,
				2DB661742D3E0C2D008EDEBC /* FUBeautyFilterView.m in Sources */,
				2DB661752D3E0C2D008EDEBC /* FUStickerModel.m in Sources */,
				2DB661762D3E0C2D008EDEBC /* FUAlertController.m in Sources */,
				2DB661772D3E0C2D008EDEBC /* FUBodyViewModel.m in Sources */,
				2DB661782D3E0C2D008EDEBC /* FUBeautySkinModel.m in Sources */,
				2DB661792D3E0C2D008EDEBC /* FUBeautyShapeViewModel.m in Sources */,
				2DB6617A2D3E0C2D008EDEBC /* FUBeautyShapeView.m in Sources */,
				2DB6617B2D3E0C2D008EDEBC /* FUSegmentBar.m in Sources */,
				2DB6617C2D3E0C2D008EDEBC /* FUStickerViewModel.m in Sources */,
				2DB6617D2D3E0C2D008EDEBC /* FUBeautyFilterModel.m in Sources */,
				2DB6617E2D3E0C2D008EDEBC /* FUBeautyShapeModel.m in Sources */,
				2DB6617F2D3E0C2D008EDEBC /* FUTestRecorder.m in Sources */,
				2DB661802D3E0C2D008EDEBC /* FUStickerView.m in Sources */,
				2DB661812D3E0C2D008EDEBC /* FUBodyView.m in Sources */,
				2DB661822D3E0C2D008EDEBC /* FUAlertManager.m in Sources */,
				2DB661832D3E0C2D008EDEBC /* FUDemoManager.m in Sources */,
				2DB661842D3E0C2D008EDEBC /* FUSlider.m in Sources */,
				2DB661852D3E0C2D008EDEBC /* FUSquareButton.m in Sources */,
				2DB661862D3E0C2D008EDEBC /* FUBeautyFilterViewModel.m in Sources */,
				2DB661872D3E0C2D008EDEBC /* FUMakeupModel.m in Sources */,
				2DB661882D3E0C2D008EDEBC /* FUBeautySkinView.m in Sources */,
				2DB661892D3E0C2D008EDEBC /* FUBodyModel.m in Sources */,
				419DA0B724D7EDF90001A561 /* NETSDemoViewController.m in Sources */,
			);
			runOnlyForDeploymentPostprocessing = 0;
		};
/* End PBXSourcesBuildPhase section */

/* Begin PBXVariantGroup section */
		2DB661382D3E0C2D008EDEBC /* FaceUnity.strings */ = {
			isa = PBXVariantGroup;
			children = (
				2DB661362D3E0C2D008EDEBC /* en */,
				2DB661372D3E0C2D008EDEBC /* zh-Hans */,
			);
			name = FaceUnity.strings;
			sourceTree = "<group>";
		};
		419DA0AA24D7EDF90001A561 /* LaunchScreen.storyboard */ = {
			isa = PBXVariantGroup;
			children = (
				419DA0AB24D7EDF90001A561 /* Base */,
			);
			name = LaunchScreen.storyboard;
			sourceTree = "<group>";
		};
		419DA0AC24D7EDF90001A561 /* Main.storyboard */ = {
			isa = PBXVariantGroup;
			children = (
				419DA0AD24D7EDF90001A561 /* Base */,
			);
			name = Main.storyboard;
			sourceTree = "<group>";
		};
/* End PBXVariantGroup section */

/* Begin XCBuildConfiguration section */
		48CFCC1E24C57670002DE0CA /* Debug */ = {
			isa = XCBuildConfiguration;
			buildSettings = {
				ALWAYS_SEARCH_USER_PATHS = NO;
				CLANG_ANALYZER_NONNULL = YES;
				CLANG_ANALYZER_NUMBER_OBJECT_CONVERSION = YES_AGGRESSIVE;
				CLANG_CXX_LANGUAGE_STANDARD = "gnu++14";
				CLANG_CXX_LIBRARY = "libc++";
				CLANG_ENABLE_MODULES = YES;
				CLANG_ENABLE_OBJC_ARC = YES;
				CLANG_ENABLE_OBJC_WEAK = YES;
				CLANG_WARN_BLOCK_CAPTURE_AUTORELEASING = YES;
				CLANG_WARN_BOOL_CONVERSION = YES;
				CLANG_WARN_COMMA = YES;
				CLANG_WARN_CONSTANT_CONVERSION = YES;
				CLANG_WARN_DEPRECATED_OBJC_IMPLEMENTATIONS = YES;
				CLANG_WARN_DIRECT_OBJC_ISA_USAGE = YES_ERROR;
				CLANG_WARN_DOCUMENTATION_COMMENTS = YES;
				CLANG_WARN_EMPTY_BODY = YES;
				CLANG_WARN_ENUM_CONVERSION = YES;
				CLANG_WARN_INFINITE_RECURSION = YES;
				CLANG_WARN_INT_CONVERSION = YES;
				CLANG_WARN_NON_LITERAL_NULL_CONVERSION = YES;
				CLANG_WARN_OBJC_IMPLICIT_RETAIN_SELF = YES;
				CLANG_WARN_OBJC_LITERAL_CONVERSION = YES;
				CLANG_WARN_OBJC_ROOT_CLASS = YES_ERROR;
				CLANG_WARN_RANGE_LOOP_ANALYSIS = YES;
				CLANG_WARN_STRICT_PROTOTYPES = YES;
				CLANG_WARN_SUSPICIOUS_MOVE = YES;
				CLANG_WARN_UNGUARDED_AVAILABILITY = YES_AGGRESSIVE;
				CLANG_WARN_UNREACHABLE_CODE = YES;
				CLANG_WARN__DUPLICATE_METHOD_MATCH = YES;
				COPY_PHASE_STRIP = NO;
				DEBUG_INFORMATION_FORMAT = dwarf;
				ENABLE_STRICT_OBJC_MSGSEND = YES;
				ENABLE_TESTABILITY = YES;
				GCC_C_LANGUAGE_STANDARD = gnu11;
				GCC_DYNAMIC_NO_PIC = NO;
				GCC_NO_COMMON_BLOCKS = YES;
				GCC_OPTIMIZATION_LEVEL = 0;
				GCC_PREPROCESSOR_DEFINITIONS = (
					"DEBUG=1",
					"$(inherited)",
				);
				GCC_WARN_64_TO_32_BIT_CONVERSION = YES;
				GCC_WARN_ABOUT_RETURN_TYPE = YES_ERROR;
				GCC_WARN_UNDECLARED_SELECTOR = YES;
				GCC_WARN_UNINITIALIZED_AUTOS = YES_AGGRESSIVE;
				GCC_WARN_UNUSED_FUNCTION = YES;
				GCC_WARN_UNUSED_VARIABLE = YES;
				IPHONEOS_DEPLOYMENT_TARGET = 9.0;
				MTL_ENABLE_DEBUG_INFO = INCLUDE_SOURCE;
				MTL_FAST_MATH = YES;
				ONLY_ACTIVE_ARCH = YES;
				SDKROOT = iphoneos;
			};
			name = Debug;
		};
		48CFCC1F24C57670002DE0CA /* Release */ = {
			isa = XCBuildConfiguration;
			buildSettings = {
				ALWAYS_SEARCH_USER_PATHS = NO;
				CLANG_ANALYZER_NONNULL = YES;
				CLANG_ANALYZER_NUMBER_OBJECT_CONVERSION = YES_AGGRESSIVE;
				CLANG_CXX_LANGUAGE_STANDARD = "gnu++14";
				CLANG_CXX_LIBRARY = "libc++";
				CLANG_ENABLE_MODULES = YES;
				CLANG_ENABLE_OBJC_ARC = YES;
				CLANG_ENABLE_OBJC_WEAK = YES;
				CLANG_WARN_BLOCK_CAPTURE_AUTORELEASING = YES;
				CLANG_WARN_BOOL_CONVERSION = YES;
				CLANG_WARN_COMMA = YES;
				CLANG_WARN_CONSTANT_CONVERSION = YES;
				CLANG_WARN_DEPRECATED_OBJC_IMPLEMENTATIONS = YES;
				CLANG_WARN_DIRECT_OBJC_ISA_USAGE = YES_ERROR;
				CLANG_WARN_DOCUMENTATION_COMMENTS = YES;
				CLANG_WARN_EMPTY_BODY = YES;
				CLANG_WARN_ENUM_CONVERSION = YES;
				CLANG_WARN_INFINITE_RECURSION = YES;
				CLANG_WARN_INT_CONVERSION = YES;
				CLANG_WARN_NON_LITERAL_NULL_CONVERSION = YES;
				CLANG_WARN_OBJC_IMPLICIT_RETAIN_SELF = YES;
				CLANG_WARN_OBJC_LITERAL_CONVERSION = YES;
				CLANG_WARN_OBJC_ROOT_CLASS = YES_ERROR;
				CLANG_WARN_RANGE_LOOP_ANALYSIS = YES;
				CLANG_WARN_STRICT_PROTOTYPES = YES;
				CLANG_WARN_SUSPICIOUS_MOVE = YES;
				CLANG_WARN_UNGUARDED_AVAILABILITY = YES_AGGRESSIVE;
				CLANG_WARN_UNREACHABLE_CODE = YES;
				CLANG_WARN__DUPLICATE_METHOD_MATCH = YES;
				COPY_PHASE_STRIP = NO;
				DEBUG_INFORMATION_FORMAT = "dwarf-with-dsym";
				ENABLE_NS_ASSERTIONS = NO;
				ENABLE_STRICT_OBJC_MSGSEND = YES;
				GCC_C_LANGUAGE_STANDARD = gnu11;
				GCC_NO_COMMON_BLOCKS = YES;
				GCC_WARN_64_TO_32_BIT_CONVERSION = YES;
				GCC_WARN_ABOUT_RETURN_TYPE = YES_ERROR;
				GCC_WARN_UNDECLARED_SELECTOR = YES;
				GCC_WARN_UNINITIALIZED_AUTOS = YES_AGGRESSIVE;
				GCC_WARN_UNUSED_FUNCTION = YES;
				GCC_WARN_UNUSED_VARIABLE = YES;
				IPHONEOS_DEPLOYMENT_TARGET = 9.0;
				MTL_ENABLE_DEBUG_INFO = NO;
				MTL_FAST_MATH = YES;
				SDKROOT = iphoneos;
				VALIDATE_PRODUCT = YES;
			};
			name = Release;
		};
		48CFCC2124C57670002DE0CA /* Debug */ = {
			isa = XCBuildConfiguration;
			baseConfigurationReference = FC5C3C8634B0AFCD6093380C /* Pods-NERTC1to1Sample.debug.xcconfig */;
			buildSettings = {
				ASSETCATALOG_COMPILER_APPICON_NAME = AppIcon;
				CODE_SIGN_IDENTITY = "iPhone Developer";
				CODE_SIGN_STYLE = Manual;
				DEVELOPMENT_TEAM = 35A6KD62ZJ;
				"DEVELOPMENT_TEAM[sdk=iphoneos*]" = 35A6KD62ZJ;
				ENABLE_BITCODE = NO;
				FRAMEWORK_SEARCH_PATHS = (
					"$(inherited)",
					"$(PROJECT_DIR)/NERTC1to1Sample/FaceUnity/Lib",
					"$(PROJECT_DIR)/NERTC1to1Sample/FaceUnity",
				);
				INFOPLIST_FILE = NERTC1to1Sample/Info.plist;
				IPHONEOS_DEPLOYMENT_TARGET = 9.0;
				LD_RUNPATH_SEARCH_PATHS = (
					"$(inherited)",
					"@executable_path/Frameworks",
				);
				LIBRARY_SEARCH_PATHS = (
					"$(inherited)",
					"$(PROJECT_DIR)/NERTC1to1Sample",
				);
				MARKETING_VERSION = 5.6.50;
				PRODUCT_BUNDLE_IDENTIFIER = com.netease.nmc.NERtcP2pSample;
				PRODUCT_NAME = "$(TARGET_NAME)";
				PROVISIONING_PROFILE_SPECIFIER = FUWildcard;
				"PROVISIONING_PROFILE_SPECIFIER[sdk=iphoneos*]" = FULiveDemo_dev;
				TARGETED_DEVICE_FAMILY = "1,2";
			};
			name = Debug;
		};
		48CFCC2224C57670002DE0CA /* Release */ = {
			isa = XCBuildConfiguration;
			baseConfigurationReference = 9691D4D316DAB71FF86F6EA5 /* Pods-NERTC1to1Sample.release.xcconfig */;
			buildSettings = {
				ASSETCATALOG_COMPILER_APPICON_NAME = AppIcon;
				CODE_SIGN_IDENTITY = "Apple Development";
				"CODE_SIGN_IDENTITY[sdk=iphoneos*]" = "iPhone Developer";
				CODE_SIGN_STYLE = Manual;
				DEVELOPMENT_TEAM = "";
				"DEVELOPMENT_TEAM[sdk=iphoneos*]" = 35A6KD62ZJ;
				ENABLE_BITCODE = NO;
				FRAMEWORK_SEARCH_PATHS = (
					"$(inherited)",
					"$(PROJECT_DIR)/NERTC1to1Sample/FaceUnity/Lib",
					"$(PROJECT_DIR)/NERTC1to1Sample/FaceUnity",
				);
				INFOPLIST_FILE = NERTC1to1Sample/Info.plist;
				IPHONEOS_DEPLOYMENT_TARGET = 9.0;
				LD_RUNPATH_SEARCH_PATHS = (
					"$(inherited)",
					"@executable_path/Frameworks",
				);
				LIBRARY_SEARCH_PATHS = (
					"$(inherited)",
					"$(PROJECT_DIR)/NERTC1to1Sample",
				);
				MARKETING_VERSION = 5.6.50;
				PRODUCT_BUNDLE_IDENTIFIER = com.netease.nmc.NERtcP2pSample;
				PRODUCT_NAME = "$(TARGET_NAME)";
				PROVISIONING_PROFILE_SPECIFIER = "";
				"PROVISIONING_PROFILE_SPECIFIER[sdk=iphoneos*]" = FULiveDemo_dev;
				TARGETED_DEVICE_FAMILY = "1,2";
			};
			name = Release;
		};
/* End XCBuildConfiguration section */

/* Begin XCConfigurationList section */
		48CFCBF724C5766E002DE0CA /* Build configuration list for PBXProject "NERTC1to1Sample" */ = {
			isa = XCConfigurationList;
			buildConfigurations = (
				48CFCC1E24C57670002DE0CA /* Debug */,
				48CFCC1F24C57670002DE0CA /* Release */,
			);
			defaultConfigurationIsVisible = 0;
			defaultConfigurationName = Release;
		};
		48CFCC2024C57670002DE0CA /* Build configuration list for PBXNativeTarget "NERTC1to1Sample" */ = {
			isa = XCConfigurationList;
			buildConfigurations = (
				48CFCC2124C57670002DE0CA /* Debug */,
				48CFCC2224C57670002DE0CA /* Release */,
			);
			defaultConfigurationIsVisible = 0;
			defaultConfigurationName = Release;
		};
/* End XCConfigurationList section */
	};
	rootObject = 48CFCBF424C5766E002DE0CA /* Project object */;
}
