PODS:
  - FURenderKit (8.7.0)
  - Masonry (1.1.0)
  - NERtcSDK (4.6.13)
  - SVProgressHUD (2.2.5)

DEPENDENCIES:
  - FURenderKit (= 8.7.0)
  - Masonry
  - NERtcSDK
  - SVProgressHUD

SPEC REPOS:
  https://mirrors.tuna.tsinghua.edu.cn/git/CocoaPods/Specs.git:
    - FURenderKit
    - Masonry
    - NERtcSDK
    - SVProgressHUD

SPEC CHECKSUMS:
  FURenderKit: a73f9a86fc4b2963c6c29bd58f0b42a953cf9362
  Masonry: 678fab65091a9290e40e2832a55e7ab731aad201
  NERtcSDK: d6e6a69f970f1c3ecdb5e8270b2422c9210e5911
  SVProgressHUD: 1428aafac632c1f86f62aa4243ec12008d7a51d6

PODFILE CHECKSUM: 5c333918be3bb5d4baa76a215e7b4d63715b809b

COCOAPODS: 1.11.3
