PODS:
  - Masonry (1.1.0)
  - Nama (7.2.0)
  - NERtcSDK (4.3.8)
  - SVProgressHUD (2.2.5)

DEPENDENCIES:
  - Masonry
  - Nama (~> 7.2.0)
  - NERtcSDK (= 4.3.8)
  - SVProgressHUD

SPEC REPOS:
  trunk:
    - Masonry
    - Nama
    - NERtcSDK
    - SVProgressHUD

SPEC CHECKSUMS:
  Masonry: 678fab65091a9290e40e2832a55e7ab731aad201
  Nama: 6513d06085933c8d13b1e6360f5c1ea6996f745b
  NERtcSDK: b5ad275187ac69cfb3f10b4f1194afb9f077f9ae
  SVProgressHUD: 1428aafac632c1f86f62aa4243ec12008d7a51d6

PODFILE CHECKSUM: 88d6fb6033095934f41ee9ba229644d3cef944ec

COCOAPODS: 1.11.0
